// !$*UTF8*$!
{
	archiveVersion = 1;
	classes = {
	};
	objectVersion = 70;
	objects = {

/* Begin PBXBuildFile section */
		BB097A092921967700D33E44 /* LevelIndicatorCell.m in Sources */ = {isa = PBXBuildFile; fileRef = BB097A082921967700D33E44 /* LevelIndicatorCell.m */; };
		BB097A0C2921B1E500D33E44 /* ScrollingTextView.m in Sources */ = {isa = PBXBuildFile; fileRef = BB097A0B2921B1E500D33E44 /* ScrollingTextView.m */; };
		BB09C23D2E8028FB00C506FC /* SymbolButton.m in Sources */ = {isa = PBXBuildFile; fileRef = BB09C23C2E8028FB00C506FC /* SymbolButton.m */; };
		BB0A62CE2E88796A00BAF444 /* TracklistController.m in Sources */ = {isa = PBXBuildFile; fileRef = BB0A62CD2E88796500BAF444 /* TracklistController.m */; };
		BB0BDC3A2EC014550052D363 /* WaveViewController.m in Sources */ = {isa = PBXBuildFile; fileRef = BB0BDC392EC014480052D363 /* WaveViewController.m */; };
		BB0C5D9327768D2400856978 /* MatrixUtilities.m in Sources */ = {isa = PBXBuildFile; fileRef = BB0C5D9227768D2400856978 /* MatrixUtilities.m */; };
		BB1614B92AACB0C300F6C5E6 /* libaubio.5.dylib in Embed Libraries */ = {isa = PBXBuildFile; fileRef = BB1614B82AACB0C300F6C5E6 /* libaubio.5.dylib */; settings = {ATTRIBUTES = (CodeSignOnCopy, ); }; };
		BB1614BA2AACB0DF00F6C5E6 /* libaubio.5.dylib in Frameworks */ = {isa = PBXBuildFile; fileRef = BB1614B82AACB0C300F6C5E6 /* libaubio.5.dylib */; };
		BB19A3772C5FAE0C00E5B4D2 /* CoreWLAN.framework in Frameworks */ = {isa = PBXBuildFile; fileRef = BB19A3762C5FAE0C00E5B4D2 /* CoreWLAN.framework */; };
		BB2CB5652481A92600D47258 /* WaveWindowController.m in Sources */ = {isa = PBXBuildFile; fileRef = BB2CB5642481A92600D47258 /* WaveWindowController.m */; };
		BB3926FF2C14B43E009C7B32 /* TableRowView.m in Sources */ = {isa = PBXBuildFile; fileRef = BB3926FE2C14B43E009C7B32 /* TableRowView.m */; };
		BB3927022C14C606009C7B32 /* TableCellView.m in Sources */ = {isa = PBXBuildFile; fileRef = BB3927012C14C606009C7B32 /* TableCellView.m */; };
		BB3927092C1BA8BD009C7B32 /* NSURL+WithoutParameters.m in Sources */ = {isa = PBXBuildFile; fileRef = BB3927082C1BA8BD009C7B32 /* NSURL+WithoutParameters.m */; };
		BB3B8D982B86C9B7006AEFCA /* tag_c.framework in Frameworks */ = {isa = PBXBuildFile; fileRef = BB3B8D962B86C9B7006AEFCA /* tag_c.framework */; };
		BB3B8D992B86C9B7006AEFCA /* tag_c.framework in Embed Libraries */ = {isa = PBXBuildFile; fileRef = BB3B8D962B86C9B7006AEFCA /* tag_c.framework */; settings = {ATTRIBUTES = (CodeSignOnCopy, RemoveHeadersOnCopy, ); }; };
		BB3B8D9A2B86C9B7006AEFCA /* tag.framework in Frameworks */ = {isa = PBXBuildFile; fileRef = BB3B8D972B86C9B7006AEFCA /* tag.framework */; };
		BB3B8D9B2B86C9B8006AEFCA /* tag.framework in Embed Libraries */ = {isa = PBXBuildFile; fileRef = BB3B8D972B86C9B7006AEFCA /* tag.framework */; settings = {ATTRIBUTES = (CodeSignOnCopy, RemoveHeadersOnCopy, ); }; };
		BB3B8D9D2B87CC12006AEFCA /* ShazamKit.framework in Frameworks */ = {isa = PBXBuildFile; fileRef = BB3B8D9C2B87CC12006AEFCA /* ShazamKit.framework */; };
		BB3D78922F043D23002C2D7E /* PhosphorChaserView.m in Sources */ = {isa = PBXBuildFile; fileRef = BB3D78912F043D23002C2D7E /* PhosphorChaserView.m */; };
		BB46D4AC2D8DCD150090CD56 /* NSString+OccurenceCount.m in Sources */ = {isa = PBXBuildFile; fileRef = BB46D4AB2D8DCD150090CD56 /* NSString+OccurenceCount.m */; };
		BB46D4AF2D98715B0090CD56 /* NSImage+Resize.m in Sources */ = {isa = PBXBuildFile; fileRef = BB46D4AE2D98715B0090CD56 /* NSImage+Resize.m */; };
		BB46D4B22D99AD5E0090CD56 /* NSImage+Average.m in Sources */ = {isa = PBXBuildFile; fileRef = BB46D4B12D99AD5E0090CD56 /* NSImage+Average.m */; };
		BB51C1E02E59C1990049355F /* WaveScrollView.m in Sources */ = {isa = PBXBuildFile; fileRef = BB51C1DF2E59C1990049355F /* WaveScrollView.m */; };
		BB51C1E22E59DAA50049355F /* TileView.m in Sources */ = {isa = PBXBuildFile; fileRef = BB51C1E12E59DAA50049355F /* TileView.m */; };
		BB51C1E92E5A4A320049355F /* CreditsViewController.m in Sources */ = {isa = PBXBuildFile; fileRef = BB51C1E82E5A4A320049355F /* CreditsViewController.m */; };
		BB51C1F12E5D18940049355F /* credits.rtf in Resources */ = {isa = PBXBuildFile; fileRef = BB51C1F02E5D18940049355F /* credits.rtf */; };
		BB539A5F2D0F6D390095B8C7 /* libkeyfinder.2.dylib in Frameworks */ = {isa = PBXBuildFile; fileRef = BB539A5E2D0F6D380095B8C7 /* libkeyfinder.2.dylib */; };
		BB539A602D0F6D390095B8C7 /* libkeyfinder.2.dylib in Embed Libraries */ = {isa = PBXBuildFile; fileRef = BB539A5E2D0F6D380095B8C7 /* libkeyfinder.2.dylib */; settings = {ATTRIBUTES = (CodeSignOnCopy, ); }; };
		BB539A622D0F6E8E0095B8C7 /* libfftw3.3.dylib in Frameworks */ = {isa = PBXBuildFile; fileRef = BB539A612D0F6E8E0095B8C7 /* libfftw3.3.dylib */; };
		BB539A632D0F6E980095B8C7 /* libfftw3.3.dylib in Embed Libraries */ = {isa = PBXBuildFile; fileRef = BB539A612D0F6E8E0095B8C7 /* libfftw3.3.dylib */; settings = {ATTRIBUTES = (CodeSignOnCopy, ); }; };
		BB577E092AA482D400046251 /* librubberband.2.dylib in Embed Libraries */ = {isa = PBXBuildFile; fileRef = BB577E072AA482D400046251 /* librubberband.2.dylib */; settings = {ATTRIBUTES = (CodeSignOnCopy, ); }; };
		BB577E162AA486C500046251 /* libsamplerate.0.dylib in Embed Libraries */ = {isa = PBXBuildFile; fileRef = BB577E152AA486C500046251 /* libsamplerate.0.dylib */; settings = {ATTRIBUTES = (CodeSignOnCopy, ); }; };
		BB57DE4D2F05D614008FFBD1 /* PlayEmCore.framework in Frameworks */ = {isa = PBXBuildFile; fileRef = BB57DE442F05D614008FFBD1 /* PlayEmCore.framework */; };
		BB57DE572F05D614008FFBD1 /* PlayEmCore.framework in Frameworks */ = {isa = PBXBuildFile; fileRef = BB57DE442F05D614008FFBD1 /* PlayEmCore.framework */; };
		BB57DE582F05D614008FFBD1 /* PlayEmCore.framework in Embed Libraries */ = {isa = PBXBuildFile; fileRef = BB57DE442F05D614008FFBD1 /* PlayEmCore.framework */; settings = {ATTRIBUTES = (CodeSignOnCopy, RemoveHeadersOnCopy, ); }; };
		BB57DEA22F05D7E9008FFBD1 /* tag_c.framework in Frameworks */ = {isa = PBXBuildFile; fileRef = BB3B8D962B86C9B7006AEFCA /* tag_c.framework */; };
		BB57DEA32F05D7E9008FFBD1 /* tag_c.framework in Embed Frameworks */ = {isa = PBXBuildFile; fileRef = BB3B8D962B86C9B7006AEFCA /* tag_c.framework */; settings = {ATTRIBUTES = (CodeSignOnCopy, RemoveHeadersOnCopy, ); }; };
		BB57DEA52F05D7F9008FFBD1 /* tag.framework in Frameworks */ = {isa = PBXBuildFile; fileRef = BB3B8D972B86C9B7006AEFCA /* tag.framework */; };
		BB57DEA62F05D7F9008FFBD1 /* tag.framework in Embed Frameworks */ = {isa = PBXBuildFile; fileRef = BB3B8D972B86C9B7006AEFCA /* tag.framework */; settings = {ATTRIBUTES = (CodeSignOnCopy, RemoveHeadersOnCopy, ); }; };
		BB57DFE42F05D9B7008FFBD1 /* ChapterForge.framework in Frameworks */ = {isa = PBXBuildFile; fileRef = BB57DFE32F05D9B7008FFBD1 /* ChapterForge.framework */; };
		BB57DFED2F05DAA0008FFBD1 /* PlayEmCore.framework in Frameworks */ = {isa = PBXBuildFile; fileRef = BB57DE442F05D614008FFBD1 /* PlayEmCore.framework */; };
		BB57E0152F05E202008FFBD1 /* libkeyfinder.2.dylib in Frameworks */ = {isa = PBXBuildFile; fileRef = BB539A5E2D0F6D380095B8C7 /* libkeyfinder.2.dylib */; };
		BB57E0162F05E202008FFBD1 /* libkeyfinder.2.dylib in Embed Frameworks */ = {isa = PBXBuildFile; fileRef = BB539A5E2D0F6D380095B8C7 /* libkeyfinder.2.dylib */; settings = {ATTRIBUTES = (CodeSignOnCopy, ); }; };
		BB57E0172F05E210008FFBD1 /* libsamplerate.0.dylib in Frameworks */ = {isa = PBXBuildFile; fileRef = BB577E152AA486C500046251 /* libsamplerate.0.dylib */; };
		BB57E0182F05E210008FFBD1 /* libsamplerate.0.dylib in Embed Frameworks */ = {isa = PBXBuildFile; fileRef = BB577E152AA486C500046251 /* libsamplerate.0.dylib */; settings = {ATTRIBUTES = (CodeSignOnCopy, ); }; };
		BB57E0192F05E224008FFBD1 /* libfftw3.3.dylib in Frameworks */ = {isa = PBXBuildFile; fileRef = BB539A612D0F6E8E0095B8C7 /* libfftw3.3.dylib */; };
		BB57E01A2F05E224008FFBD1 /* libfftw3.3.dylib in Embed Frameworks */ = {isa = PBXBuildFile; fileRef = BB539A612D0F6E8E0095B8C7 /* libfftw3.3.dylib */; settings = {ATTRIBUTES = (CodeSignOnCopy, ); }; };
		BB57E01B2F05E231008FFBD1 /* libaubio.5.dylib in Frameworks */ = {isa = PBXBuildFile; fileRef = BB1614B82AACB0C300F6C5E6 /* libaubio.5.dylib */; };
		BB57E01C2F05E231008FFBD1 /* libaubio.5.dylib in Embed Frameworks */ = {isa = PBXBuildFile; fileRef = BB1614B82AACB0C300F6C5E6 /* libaubio.5.dylib */; settings = {ATTRIBUTES = (CodeSignOnCopy, ); }; };
		BB57E01D2F05E240008FFBD1 /* librubberband.2.dylib in Frameworks */ = {isa = PBXBuildFile; fileRef = BB577E072AA482D400046251 /* librubberband.2.dylib */; };
		BB57E01E2F05E240008FFBD1 /* librubberband.2.dylib in Embed Frameworks */ = {isa = PBXBuildFile; fileRef = BB577E072AA482D400046251 /* librubberband.2.dylib */; settings = {ATTRIBUTES = (CodeSignOnCopy, ); }; };
		BB57E0272F05E903008FFBD1 /* AVFoundation.framework in Frameworks */ = {isa = PBXBuildFile; fileRef = BBA507DE2443E66800AABCF7 /* AVFoundation.framework */; };
		BB5A2C232B925CD300040209 /* TextViewWithPlaceholder.m in Sources */ = {isa = PBXBuildFile; fileRef = BB5A2C222B925CD300040209 /* TextViewWithPlaceholder.m */; };
		BB5A4D9128FC5C2B003A733C /* NSBezierPath+CGPath.m in Sources */ = {isa = PBXBuildFile; fileRef = BB5A4D9028FC5C2B003A733C /* NSBezierPath+CGPath.m */; };
		BB5DC1F52F00A52100CCA2D6 /* ActivityViewController.m in Sources */ = {isa = PBXBuildFile; fileRef = BB5DC1F42F00A52100CCA2D6 /* ActivityViewController.m */; };
		BB694CA32E6BB09C00818B01 /* BloomyText.m in Sources */ = {isa = PBXBuildFile; fileRef = BB694CA22E6BB09C00818B01 /* BloomyText.m */; };
		BB6994962EEF5BDA00242456 /* VideoToolbox.framework in Frameworks */ = {isa = PBXBuildFile; fileRef = BB6994952EEF5BDA00242456 /* VideoToolbox.framework */; };
		BB7C6269293144890019AF25 /* Defaults.m in Sources */ = {isa = PBXBuildFile; fileRef = BB7C6268293144890019AF25 /* Defaults.m */; };
		BB7C626C2932E1540019AF25 /* ControlPanelController.m in Sources */ = {isa = PBXBuildFile; fileRef = BB7C626B2932E1540019AF25 /* ControlPanelController.m */; };
		BB8571032972152B0004218B /* README.md in Resources */ = {isa = PBXBuildFile; fileRef = BB8571022972152B0004218B /* README.md */; };
		BB896FF32928874500B41809 /* TableHeaderCell.m in Sources */ = {isa = PBXBuildFile; fileRef = BB896FF22928874500B41809 /* TableHeaderCell.m */; };
		BB8A100728FF49E400FC6013 /* Scroller.m in Sources */ = {isa = PBXBuildFile; fileRef = BB8A100628FF49E400FC6013 /* Scroller.m */; };
		BB8A100C290586E500FC6013 /* CAShapeLayer+Path.m in Sources */ = {isa = PBXBuildFile; fileRef = BB8A100B290586E500FC6013 /* CAShapeLayer+Path.m */; };
		BB9C77E52A8D5F7C00A138BE /* WaveView.m in Sources */ = {isa = PBXBuildFile; fileRef = BB9C77E42A8D5F7C00A138BE /* WaveView.m */; };
		BB9C77E72A8D618700A138BE /* CoreImage.framework in Frameworks */ = {isa = PBXBuildFile; fileRef = BB9C77E62A8D618700A138BE /* CoreImage.framework */; };
		BB9CE9B128D388F3008DFF91 /* MainMenu.xib in Resources */ = {isa = PBXBuildFile; fileRef = BB9CE9B028D388F3008DFF91 /* MainMenu.xib */; };
		BBA456E129395B970062D470 /* IdentifyViewController.m in Sources */ = {isa = PBXBuildFile; fileRef = BBA456E029395B970062D470 /* IdentifyViewController.m */; };
		BBA507DF2443E66800AABCF7 /* AVFoundation.framework in Frameworks */ = {isa = PBXBuildFile; fileRef = BBA507DE2443E66800AABCF7 /* AVFoundation.framework */; };
		BBA623D42620F6A200924D44 /* UIView+Visibility.m in Sources */ = {isa = PBXBuildFile; fileRef = BBA623D32620F6A200924D44 /* UIView+Visibility.m */; };
		BBAD5EF32CE0ECBD00F664AB /* CALayer+PauseAnimations.m in Sources */ = {isa = PBXBuildFile; fileRef = BBAD5EF22CE0ECBD00F664AB /* CALayer+PauseAnimations.m */; };
		BBAD7D55262B973C00089ACC /* ScopeView.m in Sources */ = {isa = PBXBuildFile; fileRef = BBAD7D54262B973C00089ACC /* ScopeView.m */; };
		BBB37D21290F4A7E0007A6BB /* PlaylistController.m in Sources */ = {isa = PBXBuildFile; fileRef = BBB37D20290F4A7E0007A6BB /* PlaylistController.m */; };
		BBBBF94B2EF30B8E001035DA /* UnknownSong.png in Resources */ = {isa = PBXBuildFile; fileRef = BBBBF94A2EF30ADF001035DA /* UnknownSong.png */; };
		BBBBF94D2EF34F01001035DA /* ChapterForge.framework in Frameworks */ = {isa = PBXBuildFile; fileRef = BBBBF94C2EF34F01001035DA /* ChapterForge.framework */; };
		BBC2AF772B8DE2780077EB5E /* NSError+BetterError.m in Sources */ = {isa = PBXBuildFile; fileRef = BBC2AF762B8DE2770077EB5E /* NSError+BetterError.m */; };
		BBC2AF7A2B8DF0960077EB5E /* NSAlert+BetterError.m in Sources */ = {isa = PBXBuildFile; fileRef = BBC2AF792B8DF0960077EB5E /* NSAlert+BetterError.m */; };
		BBC2AF7D2B8FD97C0077EB5E /* MusicAuthenticationController.m in Sources */ = {isa = PBXBuildFile; fileRef = BBC2AF7C2B8FD97C0077EB5E /* MusicAuthenticationController.m */; };
		BBC43B7028D28CDD00CD1080 /* InfoPanel.m in Sources */ = {isa = PBXBuildFile; fileRef = BBC43B6F28D28CDD00CD1080 /* InfoPanel.m */; };
		BBC76D912CCD9D6A00772DD2 /* IdentificationCoverView.m in Sources */ = {isa = PBXBuildFile; fileRef = BBC76D902CCD9D6A00772DD2 /* IdentificationCoverView.m */; };
		BBCB80112F05F44A005F2C5E /* ShazamKit.framework in Frameworks */ = {isa = PBXBuildFile; fileRef = BB3B8D9C2B87CC12006AEFCA /* ShazamKit.framework */; };
		BBCE23542B5C9C41003892F3 /* GraphicsTools.m in Sources */ = {isa = PBXBuildFile; fileRef = BBCE23532B5C9C41003892F3 /* GraphicsTools.m */; };
		BBD24D622432948800DC2A81 /* AppDelegate.m in Sources */ = {isa = PBXBuildFile; fileRef = BBD24D612432948800DC2A81 /* AppDelegate.m */; };
		BBD24D642432948B00DC2A81 /* Assets.xcassets in Resources */ = {isa = PBXBuildFile; fileRef = BBD24D632432948B00DC2A81 /* Assets.xcassets */; };
		BBD24D6A2432948B00DC2A81 /* main.m in Sources */ = {isa = PBXBuildFile; fileRef = BBD24D692432948B00DC2A81 /* main.m */; };
		BBDBBA792BA3AF9F003A80C1 /* DragImageFileView.m in Sources */ = {isa = PBXBuildFile; fileRef = BBDBBA782BA3AF9F003A80C1 /* DragImageFileView.m */; };
		BBDBBA7B2BA4B013003A80C1 /* WaveShaders.metal in Sources */ = {isa = PBXBuildFile; fileRef = BBDBBA7A2BA4B013003A80C1 /* WaveShaders.metal */; };
		BBDBBC302F062EE500ACC632 /* PlayEmCore.framework in Frameworks */ = {isa = PBXBuildFile; fileRef = BB57DE442F05D614008FFBD1 /* PlayEmCore.framework */; };
		BBDBBC322F06328800ACC632 /* PlayEmCore.framework in CopyFiles */ = {isa = PBXBuildFile; fileRef = BB57DE442F05D614008FFBD1 /* PlayEmCore.framework */; settings = {ATTRIBUTES = (CodeSignOnCopy, RemoveHeadersOnCopy, ); }; };
		BBDC988A250E81D0008B19D1 /* BrowserController.m in Sources */ = {isa = PBXBuildFile; fileRef = BBDC9889250E81D0008B19D1 /* BrowserController.m */; };
		BBDC988C250E8347008B19D1 /* iTunesLibrary.framework in Frameworks */ = {isa = PBXBuildFile; fileRef = BBDC988B250E8347008B19D1 /* iTunesLibrary.framework */; };
		BBE284682467612F00BE9D7F /* ScopeRenderer.m in Sources */ = {isa = PBXBuildFile; fileRef = BBE284672467612F00BE9D7F /* ScopeRenderer.m */; };
		BBE2846D246765BD00BE9D7F /* Shaders.metal in Sources */ = {isa = PBXBuildFile; fileRef = BBE2846C246765A700BE9D7F /* Shaders.metal */; };
		BBE2846F2467669500BE9D7F /* MetalKit.framework in Frameworks */ = {isa = PBXBuildFile; fileRef = BBE2846E2467669500BE9D7F /* MetalKit.framework */; };
		BBECB0252D4FF33E00C6A6F3 /* LargeRastaPattern.png in Resources */ = {isa = PBXBuildFile; fileRef = BBECB0242D4FF33E00C6A6F3 /* LargeRastaPattern.png */; };
		BBF7982D2ADC4BAA00893533 /* NSString+BeautifulPast.m in Sources */ = {isa = PBXBuildFile; fileRef = BBF7982C2ADC4BAA00893533 /* NSString+BeautifulPast.m */; };
		BBF81D932CBB025C0086AECB /* NSColor+Metal.m in Sources */ = {isa = PBXBuildFile; fileRef = BBF81D922CBB025C0086AECB /* NSColor+Metal.m */; };
/* End PBXBuildFile section */

/* Begin PBXContainerItemProxy section */
		BB06325A2F05C76800A3381E /* PBXContainerItemProxy */ = {
			isa = PBXContainerItemProxy;
			containerPortal = BBD24D552432948800DC2A81 /* Project object */;
			proxyType = 1;
			remoteGlobalIDString = BBD24D5C2432948800DC2A81;
			remoteInfo = PlayEm;
		};
		BB57DE4E2F05D614008FFBD1 /* PBXContainerItemProxy */ = {
			isa = PBXContainerItemProxy;
			containerPortal = BBD24D552432948800DC2A81 /* Project object */;
			proxyType = 1;
			remoteGlobalIDString = BB57DE432F05D614008FFBD1;
			remoteInfo = PlayEmCore;
		};
		BB57DE552F05D614008FFBD1 /* PBXContainerItemProxy */ = {
			isa = PBXContainerItemProxy;
			containerPortal = BBD24D552432948800DC2A81 /* Project object */;
			proxyType = 1;
			remoteGlobalIDString = BB57DE432F05D614008FFBD1;
			remoteInfo = PlayEmCore;
		};
		BBDBBCDE2F06DAD300ACC632 /* PBXContainerItemProxy */ = {
			isa = PBXContainerItemProxy;
			containerPortal = BBD24D552432948800DC2A81 /* Project object */;
			proxyType = 1;
			remoteGlobalIDString = BB57DE432F05D614008FFBD1;
			remoteInfo = PlayEmCore;
		};
/* End PBXContainerItemProxy section */

/* Begin PBXCopyFilesBuildPhase section */
		BB57DEA42F05D7E9008FFBD1 /* Embed Frameworks */ = {
			isa = PBXCopyFilesBuildPhase;
			buildActionMask = 2147483647;
			dstPath = "";
			dstSubfolderSpec = 10;
			files = (
				BB57DEA32F05D7E9008FFBD1 /* tag_c.framework in Embed Frameworks */,
				BB57E01E2F05E240008FFBD1 /* librubberband.2.dylib in Embed Frameworks */,
				BB57E01A2F05E224008FFBD1 /* libfftw3.3.dylib in Embed Frameworks */,
				BB57DEA62F05D7F9008FFBD1 /* tag.framework in Embed Frameworks */,
				BB57E0182F05E210008FFBD1 /* libsamplerate.0.dylib in Embed Frameworks */,
				BB57E01C2F05E231008FFBD1 /* libaubio.5.dylib in Embed Frameworks */,
				BB57E0162F05E202008FFBD1 /* libkeyfinder.2.dylib in Embed Frameworks */,
			);
			name = "Embed Frameworks";
			runOnlyForDeploymentPostprocessing = 0;
		};
		BB8820CA244102CD00CDB8C3 /* Embed Libraries */ = {
			isa = PBXCopyFilesBuildPhase;
			buildActionMask = 12;
			dstPath = "";
			dstSubfolderSpec = 10;
			files = (
				BB1614B92AACB0C300F6C5E6 /* libaubio.5.dylib in Embed Libraries */,
				BB57DE582F05D614008FFBD1 /* PlayEmCore.framework in Embed Libraries */,
				BB3B8D992B86C9B7006AEFCA /* tag_c.framework in Embed Libraries */,
				BB539A632D0F6E980095B8C7 /* libfftw3.3.dylib in Embed Libraries */,
				BB539A602D0F6D390095B8C7 /* libkeyfinder.2.dylib in Embed Libraries */,
				BB577E162AA486C500046251 /* libsamplerate.0.dylib in Embed Libraries */,
				BB3B8D9B2B86C9B8006AEFCA /* tag.framework in Embed Libraries */,
				BB577E092AA482D400046251 /* librubberband.2.dylib in Embed Libraries */,
			);
			name = "Embed Libraries";
			runOnlyForDeploymentPostprocessing = 0;
		};
		BBDBBC272F062ED200ACC632 /* CopyFiles */ = {
			isa = PBXCopyFilesBuildPhase;
			buildActionMask = 12;
			dstPath = "";
			dstSubfolderSpec = 10;
			files = (
				BBDBBC322F06328800ACC632 /* PlayEmCore.framework in CopyFiles */,
			);
			runOnlyForDeploymentPostprocessing = 0;
		};
/* End PBXCopyFilesBuildPhase section */

/* Begin PBXFileReference section */
		BB0632562F05C76700A3381E /* PlayEmTests.xctest */ = {isa = PBXFileReference; explicitFileType = wrapper.cfbundle; includeInIndex = 0; path = PlayEmTests.xctest; sourceTree = BUILT_PRODUCTS_DIR; };
		BB097A072921967700D33E44 /* LevelIndicatorCell.h */ = {isa = PBXFileReference; lastKnownFileType = sourcecode.c.h; path = LevelIndicatorCell.h; sourceTree = "<group>"; };
		BB097A082921967700D33E44 /* LevelIndicatorCell.m */ = {isa = PBXFileReference; lastKnownFileType = sourcecode.c.objc; path = LevelIndicatorCell.m; sourceTree = "<group>"; };
		BB097A0A2921B1E500D33E44 /* ScrollingTextView.h */ = {isa = PBXFileReference; lastKnownFileType = sourcecode.c.h; path = ScrollingTextView.h; sourceTree = "<group>"; };
		BB097A0B2921B1E500D33E44 /* ScrollingTextView.m */ = {isa = PBXFileReference; lastKnownFileType = sourcecode.c.objc; path = ScrollingTextView.m; sourceTree = "<group>"; };
		BB09C23B2E8028FB00C506FC /* SymbolButton.h */ = {isa = PBXFileReference; lastKnownFileType = sourcecode.c.h; name = SymbolButton.h; path = PlayEm/Views/SymbolButton.h; sourceTree = SOURCE_ROOT; };
		BB09C23C2E8028FB00C506FC /* SymbolButton.m */ = {isa = PBXFileReference; lastKnownFileType = sourcecode.c.objc; name = SymbolButton.m; path = PlayEm/Views/SymbolButton.m; sourceTree = SOURCE_ROOT; };
		BB0A62CC2E88791400BAF444 /* TracklistController.h */ = {isa = PBXFileReference; lastKnownFileType = sourcecode.c.h; path = TracklistController.h; sourceTree = "<group>"; };
		BB0A62CD2E88796500BAF444 /* TracklistController.m */ = {isa = PBXFileReference; lastKnownFileType = sourcecode.c.objc; path = TracklistController.m; sourceTree = "<group>"; };
		BB0A62D42EAD690A00BAF444 /* TODO.md */ = {isa = PBXFileReference; lastKnownFileType = net.daringfireball.markdown; path = TODO.md; sourceTree = "<group>"; };
		BB0BDC382EC00E470052D363 /* WaveViewController.h */ = {isa = PBXFileReference; lastKnownFileType = sourcecode.c.h; path = WaveViewController.h; sourceTree = "<group>"; };
		BB0BDC392EC014480052D363 /* WaveViewController.m */ = {isa = PBXFileReference; lastKnownFileType = sourcecode.c.objc; path = WaveViewController.m; sourceTree = "<group>"; };
		BB0C5D9127768D2400856978 /* MatrixUtilities.h */ = {isa = PBXFileReference; lastKnownFileType = sourcecode.c.h; path = MatrixUtilities.h; sourceTree = "<group>"; };
		BB0C5D9227768D2400856978 /* MatrixUtilities.m */ = {isa = PBXFileReference; lastKnownFileType = sourcecode.c.objc; path = MatrixUtilities.m; sourceTree = "<group>"; };
		BB1614B82AACB0C300F6C5E6 /* libaubio.5.dylib */ = {isa = PBXFileReference; lastKnownFileType = "compiled.mach-o.dylib"; path = libaubio.5.dylib; sourceTree = "<group>"; };
		BB19A3762C5FAE0C00E5B4D2 /* CoreWLAN.framework */ = {isa = PBXFileReference; lastKnownFileType = wrapper.framework; name = CoreWLAN.framework; path = System/Library/Frameworks/CoreWLAN.framework; sourceTree = SDKROOT; };
		BB25CF55255758CC005BFC32 /* LoadState.h */ = {isa = PBXFileReference; lastKnownFileType = sourcecode.c.h; path = LoadState.h; sourceTree = "<group>"; };
		BB2CB5632481A92600D47258 /* WaveWindowController.h */ = {isa = PBXFileReference; lastKnownFileType = sourcecode.c.h; path = WaveWindowController.h; sourceTree = "<group>"; };
		BB2CB5642481A92600D47258 /* WaveWindowController.m */ = {isa = PBXFileReference; lastKnownFileType = sourcecode.c.objc; path = WaveWindowController.m; sourceTree = "<group>"; };
		BB3926FD2C14B3FA009C7B32 /* TableRowView.h */ = {isa = PBXFileReference; lastKnownFileType = sourcecode.c.h; path = TableRowView.h; sourceTree = "<group>"; };
		BB3926FE2C14B43E009C7B32 /* TableRowView.m */ = {isa = PBXFileReference; lastKnownFileType = sourcecode.c.objc; path = TableRowView.m; sourceTree = "<group>"; };
		BB3927002C14C606009C7B32 /* TableCellView.h */ = {isa = PBXFileReference; lastKnownFileType = sourcecode.c.h; path = TableCellView.h; sourceTree = "<group>"; };
		BB3927012C14C606009C7B32 /* TableCellView.m */ = {isa = PBXFileReference; lastKnownFileType = sourcecode.c.objc; path = TableCellView.m; sourceTree = "<group>"; };
		BB3927062C17A3C4009C7B32 /* TableViewExtraState.h */ = {isa = PBXFileReference; lastKnownFileType = sourcecode.c.h; path = TableViewExtraState.h; sourceTree = "<group>"; };
		BB3927072C1BA8BD009C7B32 /* NSURL+WithoutParameters.h */ = {isa = PBXFileReference; lastKnownFileType = sourcecode.c.h; name = "NSURL+WithoutParameters.h"; path = "Window & ViewControllers/NSURL+WithoutParameters.h"; sourceTree = "<group>"; };
		BB3927082C1BA8BD009C7B32 /* NSURL+WithoutParameters.m */ = {isa = PBXFileReference; lastKnownFileType = sourcecode.c.objc; name = "NSURL+WithoutParameters.m"; path = "Window & ViewControllers/NSURL+WithoutParameters.m"; sourceTree = "<group>"; };
		BB3B8D8C2B85285E006AEFCA /* ProfilingPointsOfInterest.h */ = {isa = PBXFileReference; lastKnownFileType = sourcecode.c.h; path = ProfilingPointsOfInterest.h; sourceTree = "<group>"; };
		BB3B8D962B86C9B7006AEFCA /* tag_c.framework */ = {isa = PBXFileReference; lastKnownFileType = wrapper.framework; path = tag_c.framework; sourceTree = "<group>"; };
		BB3B8D972B86C9B7006AEFCA /* tag.framework */ = {isa = PBXFileReference; lastKnownFileType = wrapper.framework; path = tag.framework; sourceTree = "<group>"; };
		BB3B8D9C2B87CC12006AEFCA /* ShazamKit.framework */ = {isa = PBXFileReference; lastKnownFileType = wrapper.framework; name = ShazamKit.framework; path = System/Library/Frameworks/ShazamKit.framework; sourceTree = SDKROOT; };
		BB3D78902F043D23002C2D7E /* PhosphorChaserView.h */ = {isa = PBXFileReference; lastKnownFileType = sourcecode.c.h; path = PhosphorChaserView.h; sourceTree = "<group>"; };
		BB3D78912F043D23002C2D7E /* PhosphorChaserView.m */ = {isa = PBXFileReference; lastKnownFileType = sourcecode.c.objc; path = PhosphorChaserView.m; sourceTree = "<group>"; };
		BB46D4AA2D8DCD150090CD56 /* NSString+OccurenceCount.h */ = {isa = PBXFileReference; lastKnownFileType = sourcecode.c.h; path = "NSString+OccurenceCount.h"; sourceTree = "<group>"; };
		BB46D4AB2D8DCD150090CD56 /* NSString+OccurenceCount.m */ = {isa = PBXFileReference; lastKnownFileType = sourcecode.c.objc; path = "NSString+OccurenceCount.m"; sourceTree = "<group>"; };
		BB46D4AD2D98715B0090CD56 /* NSImage+Resize.h */ = {isa = PBXFileReference; lastKnownFileType = sourcecode.c.h; path = "NSImage+Resize.h"; sourceTree = "<group>"; };
		BB46D4AE2D98715B0090CD56 /* NSImage+Resize.m */ = {isa = PBXFileReference; lastKnownFileType = sourcecode.c.objc; path = "NSImage+Resize.m"; sourceTree = "<group>"; };
		BB46D4B02D99AD5E0090CD56 /* NSImage+Average.h */ = {isa = PBXFileReference; lastKnownFileType = sourcecode.c.h; path = "NSImage+Average.h"; sourceTree = "<group>"; };
		BB46D4B12D99AD5E0090CD56 /* NSImage+Average.m */ = {isa = PBXFileReference; lastKnownFileType = sourcecode.c.objc; path = "NSImage+Average.m"; sourceTree = "<group>"; };
		BB51C1DE2E59C1990049355F /* WaveScrollView.h */ = {isa = PBXFileReference; lastKnownFileType = sourcecode.c.h; path = WaveScrollView.h; sourceTree = "<group>"; };
		BB51C1DF2E59C1990049355F /* WaveScrollView.m */ = {isa = PBXFileReference; lastKnownFileType = sourcecode.c.objc; path = WaveScrollView.m; sourceTree = "<group>"; };
		BB51C1E12E59DAA50049355F /* TileView.m */ = {isa = PBXFileReference; lastKnownFileType = sourcecode.c.objc; path = TileView.m; sourceTree = "<group>"; };
		BB51C1E32E59DAFE0049355F /* TileView.h */ = {isa = PBXFileReference; lastKnownFileType = sourcecode.c.h; path = TileView.h; sourceTree = "<group>"; };
		BB51C1E72E5A4A320049355F /* CreditsViewController.h */ = {isa = PBXFileReference; lastKnownFileType = sourcecode.c.h; path = CreditsViewController.h; sourceTree = "<group>"; };
		BB51C1E82E5A4A320049355F /* CreditsViewController.m */ = {isa = PBXFileReference; lastKnownFileType = sourcecode.c.objc; path = CreditsViewController.m; sourceTree = "<group>"; };
		BB51C1F02E5D18940049355F /* credits.rtf */ = {isa = PBXFileReference; lastKnownFileType = text.rtf; path = credits.rtf; sourceTree = "<group>"; };
		BB539A5E2D0F6D380095B8C7 /* libkeyfinder.2.dylib */ = {isa = PBXFileReference; lastKnownFileType = "compiled.mach-o.dylib"; path = libkeyfinder.2.dylib; sourceTree = "<group>"; };
		BB539A612D0F6E8E0095B8C7 /* libfftw3.3.dylib */ = {isa = PBXFileReference; lastKnownFileType = "compiled.mach-o.dylib"; path = libfftw3.3.dylib; sourceTree = "<group>"; };
		BB577E072AA482D400046251 /* librubberband.2.dylib */ = {isa = PBXFileReference; lastKnownFileType = "compiled.mach-o.dylib"; path = librubberband.2.dylib; sourceTree = "<group>"; };
		BB577E152AA486C500046251 /* libsamplerate.0.dylib */ = {isa = PBXFileReference; lastKnownFileType = "compiled.mach-o.dylib"; path = libsamplerate.0.dylib; sourceTree = "<group>"; };
		BB57DE442F05D614008FFBD1 /* PlayEmCore.framework */ = {isa = PBXFileReference; explicitFileType = wrapper.framework; includeInIndex = 0; path = PlayEmCore.framework; sourceTree = BUILT_PRODUCTS_DIR; };
		BB57DE4C2F05D614008FFBD1 /* PlayEmCoreTests.xctest */ = {isa = PBXFileReference; explicitFileType = wrapper.cfbundle; includeInIndex = 0; path = PlayEmCoreTests.xctest; sourceTree = BUILT_PRODUCTS_DIR; };
		BB57DFE32F05D9B7008FFBD1 /* ChapterForge.framework */ = {isa = PBXFileReference; lastKnownFileType = wrapper.framework; name = ChapterForge.framework; path = ../../chapterforge/chapterforge/build/ChapterForge.framework; sourceTree = "<group>"; };
		BB5A2C212B925CD300040209 /* TextViewWithPlaceholder.h */ = {isa = PBXFileReference; lastKnownFileType = sourcecode.c.h; path = TextViewWithPlaceholder.h; sourceTree = "<group>"; };
		BB5A2C222B925CD300040209 /* TextViewWithPlaceholder.m */ = {isa = PBXFileReference; lastKnownFileType = sourcecode.c.objc; path = TextViewWithPlaceholder.m; sourceTree = "<group>"; };
		BB5A4D8F28FC5C2B003A733C /* NSBezierPath+CGPath.h */ = {isa = PBXFileReference; lastKnownFileType = sourcecode.c.h; path = "NSBezierPath+CGPath.h"; sourceTree = "<group>"; };
		BB5A4D9028FC5C2B003A733C /* NSBezierPath+CGPath.m */ = {isa = PBXFileReference; lastKnownFileType = sourcecode.c.objc; path = "NSBezierPath+CGPath.m"; sourceTree = "<group>"; };
		BB5DC1F32F00A52100CCA2D6 /* ActivityViewController.h */ = {isa = PBXFileReference; lastKnownFileType = sourcecode.c.h; path = ActivityViewController.h; sourceTree = "<group>"; };
		BB5DC1F42F00A52100CCA2D6 /* ActivityViewController.m */ = {isa = PBXFileReference; lastKnownFileType = sourcecode.c.objc; path = ActivityViewController.m; sourceTree = "<group>"; };
		BB694CA12E6BB09C00818B01 /* BloomyText.h */ = {isa = PBXFileReference; lastKnownFileType = sourcecode.c.h; path = BloomyText.h; sourceTree = "<group>"; };
		BB694CA22E6BB09C00818B01 /* BloomyText.m */ = {isa = PBXFileReference; lastKnownFileType = sourcecode.c.objc; path = BloomyText.m; sourceTree = "<group>"; };
		BB6994952EEF5BDA00242456 /* VideoToolbox.framework */ = {isa = PBXFileReference; lastKnownFileType = wrapper.framework; name = VideoToolbox.framework; path = System/Library/Frameworks/VideoToolbox.framework; sourceTree = SDKROOT; };
		BB7C6267293144890019AF25 /* Defaults.h */ = {isa = PBXFileReference; lastKnownFileType = sourcecode.c.h; path = Defaults.h; sourceTree = "<group>"; };
		BB7C6268293144890019AF25 /* Defaults.m */ = {isa = PBXFileReference; lastKnownFileType = sourcecode.c.objc; path = Defaults.m; sourceTree = "<group>"; };
		BB7C626A2932E1540019AF25 /* ControlPanelController.h */ = {isa = PBXFileReference; lastKnownFileType = sourcecode.c.h; path = ControlPanelController.h; sourceTree = "<group>"; };
		BB7C626B2932E1540019AF25 /* ControlPanelController.m */ = {isa = PBXFileReference; lastKnownFileType = sourcecode.c.objc; path = ControlPanelController.m; sourceTree = "<group>"; };
		BB8571022972152B0004218B /* README.md */ = {isa = PBXFileReference; fileEncoding = 4; lastKnownFileType = net.daringfireball.markdown; path = README.md; sourceTree = SOURCE_ROOT; };
		BB896FF12928874500B41809 /* TableHeaderCell.h */ = {isa = PBXFileReference; lastKnownFileType = sourcecode.c.h; path = TableHeaderCell.h; sourceTree = "<group>"; };
		BB896FF22928874500B41809 /* TableHeaderCell.m */ = {isa = PBXFileReference; lastKnownFileType = sourcecode.c.objc; path = TableHeaderCell.m; sourceTree = "<group>"; };
		BB8A100528FF49E400FC6013 /* Scroller.h */ = {isa = PBXFileReference; lastKnownFileType = sourcecode.c.h; path = Scroller.h; sourceTree = "<group>"; };
		BB8A100628FF49E400FC6013 /* Scroller.m */ = {isa = PBXFileReference; lastKnownFileType = sourcecode.c.objc; path = Scroller.m; sourceTree = "<group>"; };
		BB8A1009290353E300FC6013 /* PlayEm.profdata */ = {isa = PBXFileReference; lastKnownFileType = file; path = PlayEm.profdata; sourceTree = "<group>"; };
		BB8A100A290586A200FC6013 /* CAShapeLayer+Path.h */ = {isa = PBXFileReference; lastKnownFileType = sourcecode.c.h; path = "CAShapeLayer+Path.h"; sourceTree = "<group>"; };
		BB8A100B290586E500FC6013 /* CAShapeLayer+Path.m */ = {isa = PBXFileReference; lastKnownFileType = sourcecode.c.objc; path = "CAShapeLayer+Path.m"; sourceTree = "<group>"; };
		BB9401862AD0974900B7B150 /* AcceleratedBiquadFilter.h */ = {isa = PBXFileReference; lastKnownFileType = sourcecode.c.h; path = AcceleratedBiquadFilter.h; sourceTree = "<group>"; };
		BB9C77E32A8D5F3400A138BE /* WaveView.h */ = {isa = PBXFileReference; lastKnownFileType = sourcecode.c.h; path = WaveView.h; sourceTree = "<group>"; };
		BB9C77E42A8D5F7C00A138BE /* WaveView.m */ = {isa = PBXFileReference; lastKnownFileType = sourcecode.c.objc; path = WaveView.m; sourceTree = "<group>"; };
		BB9C77E62A8D618700A138BE /* CoreImage.framework */ = {isa = PBXFileReference; lastKnownFileType = wrapper.framework; name = CoreImage.framework; path = System/Library/Frameworks/CoreImage.framework; sourceTree = SDKROOT; };
		BB9CE9B028D388F3008DFF91 /* MainMenu.xib */ = {isa = PBXFileReference; fileEncoding = 4; lastKnownFileType = file.xib; path = MainMenu.xib; sourceTree = "<group>"; };
		BBA456DF29395B970062D470 /* IdentifyViewController.h */ = {isa = PBXFileReference; lastKnownFileType = sourcecode.c.h; path = IdentifyViewController.h; sourceTree = "<group>"; };
		BBA456E029395B970062D470 /* IdentifyViewController.m */ = {isa = PBXFileReference; lastKnownFileType = sourcecode.c.objc; path = IdentifyViewController.m; sourceTree = "<group>"; };
		BBA507DE2443E66800AABCF7 /* AVFoundation.framework */ = {isa = PBXFileReference; lastKnownFileType = wrapper.framework; name = AVFoundation.framework; path = System/Library/Frameworks/AVFoundation.framework; sourceTree = SDKROOT; };
		BBA623D22620F67500924D44 /* UIView+Visibility.h */ = {isa = PBXFileReference; lastKnownFileType = sourcecode.c.h; path = "UIView+Visibility.h"; sourceTree = "<group>"; };
		BBA623D32620F6A200924D44 /* UIView+Visibility.m */ = {isa = PBXFileReference; lastKnownFileType = sourcecode.c.objc; path = "UIView+Visibility.m"; sourceTree = "<group>"; };
		BBAD5EF12CE0ECBD00F664AB /* CALayer+PauseAnimations.h */ = {isa = PBXFileReference; lastKnownFileType = sourcecode.c.h; path = "CALayer+PauseAnimations.h"; sourceTree = "<group>"; };
		BBAD5EF22CE0ECBD00F664AB /* CALayer+PauseAnimations.m */ = {isa = PBXFileReference; lastKnownFileType = sourcecode.c.objc; path = "CALayer+PauseAnimations.m"; sourceTree = "<group>"; };
		BBAD5EF92D038D7100F664AB /* ci_post_clone.sh */ = {isa = PBXFileReference; lastKnownFileType = text.script.sh; path = ci_post_clone.sh; sourceTree = "<group>"; };
		BBAD7D53262B96D800089ACC /* ScopeView.h */ = {isa = PBXFileReference; lastKnownFileType = sourcecode.c.h; path = ScopeView.h; sourceTree = "<group>"; };
		BBAD7D54262B973C00089ACC /* ScopeView.m */ = {isa = PBXFileReference; lastKnownFileType = sourcecode.c.objc; path = ScopeView.m; sourceTree = "<group>"; };
		BBB37D1F290F4A7E0007A6BB /* PlaylistController.h */ = {isa = PBXFileReference; lastKnownFileType = sourcecode.c.h; path = PlaylistController.h; sourceTree = "<group>"; };
		BBB37D20290F4A7E0007A6BB /* PlaylistController.m */ = {isa = PBXFileReference; lastKnownFileType = sourcecode.c.objc; path = PlaylistController.m; sourceTree = "<group>"; };
		BBBBF94A2EF30ADF001035DA /* UnknownSong.png */ = {isa = PBXFileReference; lastKnownFileType = image.png; path = UnknownSong.png; sourceTree = "<group>"; };
		BBBBF94C2EF34F01001035DA /* ChapterForge.framework */ = {isa = PBXFileReference; lastKnownFileType = wrapper.framework; path = ChapterForge.framework; sourceTree = "<group>"; };
		BBC2AF752B8DE2770077EB5E /* NSError+BetterError.h */ = {isa = PBXFileReference; fileEncoding = 4; lastKnownFileType = sourcecode.c.h; path = "NSError+BetterError.h"; sourceTree = "<group>"; };
		BBC2AF762B8DE2770077EB5E /* NSError+BetterError.m */ = {isa = PBXFileReference; fileEncoding = 4; lastKnownFileType = sourcecode.c.objc; path = "NSError+BetterError.m"; sourceTree = "<group>"; };
		BBC2AF782B8DF0950077EB5E /* NSAlert+BetterError.h */ = {isa = PBXFileReference; fileEncoding = 4; lastKnownFileType = sourcecode.c.h; path = "NSAlert+BetterError.h"; sourceTree = "<group>"; };
		BBC2AF792B8DF0960077EB5E /* NSAlert+BetterError.m */ = {isa = PBXFileReference; fileEncoding = 4; lastKnownFileType = sourcecode.c.objc; path = "NSAlert+BetterError.m"; sourceTree = "<group>"; };
		BBC2AF7B2B8FD97C0077EB5E /* MusicAuthenticationController.h */ = {isa = PBXFileReference; lastKnownFileType = sourcecode.c.h; path = MusicAuthenticationController.h; sourceTree = "<group>"; };
		BBC2AF7C2B8FD97C0077EB5E /* MusicAuthenticationController.m */ = {isa = PBXFileReference; lastKnownFileType = sourcecode.c.objc; path = MusicAuthenticationController.m; sourceTree = "<group>"; };
		BBC43B6E28D28CDD00CD1080 /* InfoPanel.h */ = {isa = PBXFileReference; lastKnownFileType = sourcecode.c.h; path = InfoPanel.h; sourceTree = "<group>"; };
		BBC43B6F28D28CDD00CD1080 /* InfoPanel.m */ = {isa = PBXFileReference; lastKnownFileType = sourcecode.c.objc; path = InfoPanel.m; sourceTree = "<group>"; };
		BBC76D8F2CCD9D6A00772DD2 /* IdentificationCoverView.h */ = {isa = PBXFileReference; lastKnownFileType = sourcecode.c.h; path = IdentificationCoverView.h; sourceTree = "<group>"; };
		BBC76D902CCD9D6A00772DD2 /* IdentificationCoverView.m */ = {isa = PBXFileReference; lastKnownFileType = sourcecode.c.objc; path = IdentificationCoverView.m; sourceTree = "<group>"; };
		BBCE23522B5C9C41003892F3 /* GraphicsTools.h */ = {isa = PBXFileReference; lastKnownFileType = sourcecode.c.h; path = GraphicsTools.h; sourceTree = "<group>"; };
		BBCE23532B5C9C41003892F3 /* GraphicsTools.m */ = {isa = PBXFileReference; lastKnownFileType = sourcecode.c.objc; path = GraphicsTools.m; sourceTree = "<group>"; };
		BBCE23552B5C9FAC003892F3 /* ScopeShaderTypes.h */ = {isa = PBXFileReference; lastKnownFileType = sourcecode.c.h; name = ScopeShaderTypes.h; path = PlayEm/ScopeShaderTypes.h; sourceTree = SOURCE_ROOT; };
		BBCE23562B5C9FAC003892F3 /* WaveShaderTypes.h */ = {isa = PBXFileReference; lastKnownFileType = sourcecode.c.h; name = WaveShaderTypes.h; path = PlayEm/WaveShaderTypes.h; sourceTree = SOURCE_ROOT; };
		BBD24D5D2432948800DC2A81 /* PlayEm.app */ = {isa = PBXFileReference; explicitFileType = wrapper.application; includeInIndex = 0; path = PlayEm.app; sourceTree = BUILT_PRODUCTS_DIR; };
		BBD24D602432948800DC2A81 /* AppDelegate.h */ = {isa = PBXFileReference; lastKnownFileType = sourcecode.c.h; path = AppDelegate.h; sourceTree = "<group>"; };
		BBD24D612432948800DC2A81 /* AppDelegate.m */ = {isa = PBXFileReference; lastKnownFileType = sourcecode.c.objc; path = AppDelegate.m; sourceTree = "<group>"; };
		BBD24D632432948B00DC2A81 /* Assets.xcassets */ = {isa = PBXFileReference; lastKnownFileType = folder.assetcatalog; path = Assets.xcassets; sourceTree = "<group>"; };
		BBD24D682432948B00DC2A81 /* Info.plist */ = {isa = PBXFileReference; lastKnownFileType = text.plist.xml; path = Info.plist; sourceTree = "<group>"; };
		BBD24D692432948B00DC2A81 /* main.m */ = {isa = PBXFileReference; lastKnownFileType = sourcecode.c.objc; path = main.m; sourceTree = "<group>"; };
		BBD24D6B2432948B00DC2A81 /* PlayEm.entitlements */ = {isa = PBXFileReference; lastKnownFileType = text.plist.entitlements; path = PlayEm.entitlements; sourceTree = "<group>"; };
		BBDB1B3C2B640AA700A953F7 /* build_dmg.sh */ = {isa = PBXFileReference; fileEncoding = 4; lastKnownFileType = text.script.sh; path = build_dmg.sh; sourceTree = "<group>"; };
		BBDBBA772BA3AF9F003A80C1 /* DragImageFileView.h */ = {isa = PBXFileReference; lastKnownFileType = sourcecode.c.h; path = DragImageFileView.h; sourceTree = "<group>"; };
		BBDBBA782BA3AF9F003A80C1 /* DragImageFileView.m */ = {isa = PBXFileReference; lastKnownFileType = sourcecode.c.objc; path = DragImageFileView.m; sourceTree = "<group>"; };
		BBDBBA7A2BA4B013003A80C1 /* WaveShaders.metal */ = {isa = PBXFileReference; lastKnownFileType = sourcecode.metal; path = WaveShaders.metal; sourceTree = "<group>"; };
		BBDBBC292F062ED200ACC632 /* PlayEmRefineCLI */ = {isa = PBXFileReference; explicitFileType = "compiled.mach-o.executable"; includeInIndex = 0; path = PlayEmRefineCLI; sourceTree = BUILT_PRODUCTS_DIR; };
		BBDC9888250E81CF008B19D1 /* BrowserController.h */ = {isa = PBXFileReference; lastKnownFileType = sourcecode.c.h; path = BrowserController.h; sourceTree = "<group>"; };
		BBDC9889250E81D0008B19D1 /* BrowserController.m */ = {isa = PBXFileReference; lastKnownFileType = sourcecode.c.objc; path = BrowserController.m; sourceTree = "<group>"; };
		BBDC988B250E8347008B19D1 /* iTunesLibrary.framework */ = {isa = PBXFileReference; lastKnownFileType = wrapper.framework; name = iTunesLibrary.framework; path = System/Library/Frameworks/iTunesLibrary.framework; sourceTree = SDKROOT; };
		BBE284662467612F00BE9D7F /* ScopeRenderer.h */ = {isa = PBXFileReference; lastKnownFileType = sourcecode.c.h; path = ScopeRenderer.h; sourceTree = "<group>"; };
		BBE284672467612F00BE9D7F /* ScopeRenderer.m */ = {isa = PBXFileReference; lastKnownFileType = sourcecode.c.objc; path = ScopeRenderer.m; sourceTree = "<group>"; };
		BBE2846A2467640800BE9D7F /* ShaderTypes.h */ = {isa = PBXFileReference; fileEncoding = 4; lastKnownFileType = sourcecode.c.h; path = ShaderTypes.h; sourceTree = "<group>"; };
		BBE2846C246765A700BE9D7F /* Shaders.metal */ = {isa = PBXFileReference; lastKnownFileType = sourcecode.metal; path = Shaders.metal; sourceTree = "<group>"; };
		BBE2846E2467669500BE9D7F /* MetalKit.framework */ = {isa = PBXFileReference; lastKnownFileType = wrapper.framework; name = MetalKit.framework; path = System/Library/Frameworks/MetalKit.framework; sourceTree = SDKROOT; };
		BBECB0242D4FF33E00C6A6F3 /* LargeRastaPattern.png */ = {isa = PBXFileReference; lastKnownFileType = image.png; path = LargeRastaPattern.png; sourceTree = "<group>"; };
		BBF0D0012F0ABC0000A1B2C1 /* PlayEmCoreTests/TotalIdentificationControllerTests.m */ = {isa = PBXFileReference; lastKnownFileType = sourcecode.c.objc; path = PlayEmCoreTests/TotalIdentificationControllerTests.m; sourceTree = SOURCE_ROOT; };
		BBF7982B2ADC4BAA00893533 /* NSString+BeautifulPast.h */ = {isa = PBXFileReference; lastKnownFileType = sourcecode.c.h; path = "NSString+BeautifulPast.h"; sourceTree = "<group>"; };
		BBF7982C2ADC4BAA00893533 /* NSString+BeautifulPast.m */ = {isa = PBXFileReference; lastKnownFileType = sourcecode.c.objc; path = "NSString+BeautifulPast.m"; sourceTree = "<group>"; };
		BBF81D912CBB025C0086AECB /* NSColor+Metal.h */ = {isa = PBXFileReference; lastKnownFileType = sourcecode.c.h; path = "NSColor+Metal.h"; sourceTree = "<group>"; };
		BBF81D922CBB025C0086AECB /* NSColor+Metal.m */ = {isa = PBXFileReference; lastKnownFileType = sourcecode.c.objc; path = "NSColor+Metal.m"; sourceTree = "<group>"; };
/* End PBXFileReference section */

/* Begin PBXFileSystemSynchronizedBuildFileExceptionSet section */
		BB57DE5D2F05D614008FFBD1 /* PBXFileSystemSynchronizedBuildFileExceptionSet */ = {
			isa = PBXFileSystemSynchronizedBuildFileExceptionSet;
			membershipExceptions = (
				Audio/AudioController.h,
			);
			publicHeaders = (
				PlayEmCore.h,
			);
			target = BB57DE432F05D614008FFBD1 /* PlayEmCore */;
		};
		BB57E0232F05E7D6008FFBD1 /* PBXFileSystemSynchronizedBuildFileExceptionSet */ = {
			isa = PBXFileSystemSynchronizedBuildFileExceptionSet;
			membershipExceptions = (
				Audio/AudioController.mm,
			);
			target = BBD24D5C2432948800DC2A81 /* PlayEm */;
		};
/* End PBXFileSystemSynchronizedBuildFileExceptionSet section */

/* Begin PBXFileSystemSynchronizedRootGroup section */
		BB0632572F05C76800A3381E /* PlayEmTests */ = {isa = PBXFileSystemSynchronizedRootGroup; explicitFileTypes = {}; explicitFolders = (); path = PlayEmTests; sourceTree = "<group>"; };
		BB57DE452F05D614008FFBD1 /* PlayEmCore */ = {isa = PBXFileSystemSynchronizedRootGroup; exceptions = (BB57E0232F05E7D6008FFBD1 /* PBXFileSystemSynchronizedBuildFileExceptionSet */, BB57DE5D2F05D614008FFBD1 /* PBXFileSystemSynchronizedBuildFileExceptionSet */, ); explicitFileTypes = {}; explicitFolders = (); path = PlayEmCore; sourceTree = "<group>"; };
		BB57DE522F05D614008FFBD1 /* PlayEmCoreTests */ = {isa = PBXFileSystemSynchronizedRootGroup; explicitFileTypes = {}; explicitFolders = (); path = PlayEmCoreTests; sourceTree = "<group>"; };
		BBDBBC2A2F062ED200ACC632 /* PlayEmRefineCLI */ = {isa = PBXFileSystemSynchronizedRootGroup; explicitFileTypes = {}; explicitFolders = (); path = PlayEmRefineCLI; sourceTree = "<group>"; };
/* End PBXFileSystemSynchronizedRootGroup section */

/* Begin PBXFrameworksBuildPhase section */
		BB0632532F05C76700A3381E /* Frameworks */ = {
			isa = PBXFrameworksBuildPhase;
			buildActionMask = 2147483647;
			files = (
				BB57DFED2F05DAA0008FFBD1 /* PlayEmCore.framework in Frameworks */,
			);
			runOnlyForDeploymentPostprocessing = 0;
		};
		BB57DE412F05D614008FFBD1 /* Frameworks */ = {
			isa = PBXFrameworksBuildPhase;
			buildActionMask = 2147483647;
			files = (
				BB57E0272F05E903008FFBD1 /* AVFoundation.framework in Frameworks */,
				BB57DFE42F05D9B7008FFBD1 /* ChapterForge.framework in Frameworks */,
				BB57DEA22F05D7E9008FFBD1 /* tag_c.framework in Frameworks */,
				BB57E01B2F05E231008FFBD1 /* libaubio.5.dylib in Frameworks */,
				BB57E0152F05E202008FFBD1 /* libkeyfinder.2.dylib in Frameworks */,
				BBCB80112F05F44A005F2C5E /* ShazamKit.framework in Frameworks */,
				BB57E0172F05E210008FFBD1 /* libsamplerate.0.dylib in Frameworks */,
				BB57E01D2F05E240008FFBD1 /* librubberband.2.dylib in Frameworks */,
				BB57E0192F05E224008FFBD1 /* libfftw3.3.dylib in Frameworks */,
				BB57DEA52F05D7F9008FFBD1 /* tag.framework in Frameworks */,
			);
			runOnlyForDeploymentPostprocessing = 0;
		};
		BB57DE492F05D614008FFBD1 /* Frameworks */ = {
			isa = PBXFrameworksBuildPhase;
			buildActionMask = 2147483647;
			files = (
				BB57DE4D2F05D614008FFBD1 /* PlayEmCore.framework in Frameworks */,
			);
			runOnlyForDeploymentPostprocessing = 0;
		};
		BBD24D5A2432948800DC2A81 /* Frameworks */ = {
			isa = PBXFrameworksBuildPhase;
			buildActionMask = 2147483647;
			files = (
				BB6994962EEF5BDA00242456 /* VideoToolbox.framework in Frameworks */,
				BB19A3772C5FAE0C00E5B4D2 /* CoreWLAN.framework in Frameworks */,
				BB1614BA2AACB0DF00F6C5E6 /* libaubio.5.dylib in Frameworks */,
				BB9C77E72A8D618700A138BE /* CoreImage.framework in Frameworks */,
				BB57DE572F05D614008FFBD1 /* PlayEmCore.framework in Frameworks */,
				BB539A622D0F6E8E0095B8C7 /* libfftw3.3.dylib in Frameworks */,
				BBDC988C250E8347008B19D1 /* iTunesLibrary.framework in Frameworks */,
				BB3B8D9D2B87CC12006AEFCA /* ShazamKit.framework in Frameworks */,
				BBE2846F2467669500BE9D7F /* MetalKit.framework in Frameworks */,
				BBA507DF2443E66800AABCF7 /* AVFoundation.framework in Frameworks */,
				BBBBF94D2EF34F01001035DA /* ChapterForge.framework in Frameworks */,
				BB3B8D9A2B86C9B7006AEFCA /* tag.framework in Frameworks */,
				BB3B8D982B86C9B7006AEFCA /* tag_c.framework in Frameworks */,
				BB539A5F2D0F6D390095B8C7 /* libkeyfinder.2.dylib in Frameworks */,
			);
			runOnlyForDeploymentPostprocessing = 0;
		};
		BBDBBC262F062ED200ACC632 /* Frameworks */ = {
			isa = PBXFrameworksBuildPhase;
			buildActionMask = 2147483647;
			files = (
				BBDBBC302F062EE500ACC632 /* PlayEmCore.framework in Frameworks */,
			);
			runOnlyForDeploymentPostprocessing = 0;
		};
/* End PBXFrameworksBuildPhase section */

/* Begin PBXGroup section */
		BB14C0842F05CA6000280092 /* Recovered References */ = {
			isa = PBXGroup;
			children = (
				BBF0D0012F0ABC0000A1B2C1 /* PlayEmCoreTests/TotalIdentificationControllerTests.m */,
			);
			name = "Recovered References";
			sourceTree = "<group>";
		};
		BB6CBC982471F0A1003E1415 /* Shaders */ = {
			isa = PBXGroup;
			children = (
				BBE2846C246765A700BE9D7F /* Shaders.metal */,
				BBDBBA7A2BA4B013003A80C1 /* WaveShaders.metal */,
			);
			path = Shaders;
			sourceTree = "<group>";
		};
		BB8820C5244101C200CDB8C3 /* Frameworks */ = {
			isa = PBXGroup;
			children = (
				BB57DFE32F05D9B7008FFBD1 /* ChapterForge.framework */,
				BB6994952EEF5BDA00242456 /* VideoToolbox.framework */,
				BBBBF94C2EF34F01001035DA /* ChapterForge.framework */,
				BB19A3762C5FAE0C00E5B4D2 /* CoreWLAN.framework */,
				BB3B8D9C2B87CC12006AEFCA /* ShazamKit.framework */,
				BB3B8D962B86C9B7006AEFCA /* tag_c.framework */,
				BB3B8D972B86C9B7006AEFCA /* tag.framework */,
				BB539A5E2D0F6D380095B8C7 /* libkeyfinder.2.dylib */,
				BB1614B82AACB0C300F6C5E6 /* libaubio.5.dylib */,
				BB539A612D0F6E8E0095B8C7 /* libfftw3.3.dylib */,
				BB577E152AA486C500046251 /* libsamplerate.0.dylib */,
				BB577E072AA482D400046251 /* librubberband.2.dylib */,
				BB9C77E62A8D618700A138BE /* CoreImage.framework */,
				BBDC988B250E8347008B19D1 /* iTunesLibrary.framework */,
				BBE2846E2467669500BE9D7F /* MetalKit.framework */,
				BBA507DE2443E66800AABCF7 /* AVFoundation.framework */,
			);
			name = Frameworks;
			path = ThirdParty;
			sourceTree = SOURCE_ROOT;
		};
		BB8A1008290353E300FC6013 /* OptimizationProfiles */ = {
			isa = PBXGroup;
			children = (
				BB8A1009290353E300FC6013 /* PlayEm.profdata */,
			);
			path = OptimizationProfiles;
			sourceTree = "<group>";
		};
		BBA456DE293948D70062D470 /* Window & ViewControllers */ = {
			isa = PBXGroup;
			children = (
				BB2CB5632481A92600D47258 /* WaveWindowController.h */,
				BB2CB5642481A92600D47258 /* WaveWindowController.m */,
				BBB37D1F290F4A7E0007A6BB /* PlaylistController.h */,
				BBB37D20290F4A7E0007A6BB /* PlaylistController.m */,
				BB0A62CC2E88791400BAF444 /* TracklistController.h */,
				BB0A62CD2E88796500BAF444 /* TracklistController.m */,
				BB0BDC392EC014480052D363 /* WaveViewController.m */,
				BB0BDC382EC00E470052D363 /* WaveViewController.h */,
				BBA456DF29395B970062D470 /* IdentifyViewController.h */,
				BBA456E029395B970062D470 /* IdentifyViewController.m */,
				BB51C1E72E5A4A320049355F /* CreditsViewController.h */,
				BB51C1E82E5A4A320049355F /* CreditsViewController.m */,
				BB7C626A2932E1540019AF25 /* ControlPanelController.h */,
				BB7C626B2932E1540019AF25 /* ControlPanelController.m */,
				BBC43B6E28D28CDD00CD1080 /* InfoPanel.h */,
				BBC43B6F28D28CDD00CD1080 /* InfoPanel.m */,
				BB5DC1F32F00A52100CCA2D6 /* ActivityViewController.h */,
				BB5DC1F42F00A52100CCA2D6 /* ActivityViewController.m */,
			);
			path = "Window & ViewControllers";
			sourceTree = "<group>";
		};
		BBAD5EF72D038D5100F664AB /* ci_scripts */ = {
			isa = PBXGroup;
			children = (
				BBAD5EF92D038D7100F664AB /* ci_post_clone.sh */,
			);
			path = ci_scripts;
			sourceTree = "<group>";
		};
		BBC8B32D293C47D900F5D38E /* Views */ = {
			isa = PBXGroup;
			children = (
				BBC76D8F2CCD9D6A00772DD2 /* IdentificationCoverView.h */,
				BBC76D902CCD9D6A00772DD2 /* IdentificationCoverView.m */,
				BBAD7D53262B96D800089ACC /* ScopeView.h */,
				BBAD7D54262B973C00089ACC /* ScopeView.m */,
				BB097A0A2921B1E500D33E44 /* ScrollingTextView.h */,
				BB097A0B2921B1E500D33E44 /* ScrollingTextView.m */,
				BB51C1DE2E59C1990049355F /* WaveScrollView.h */,
				BB51C1DF2E59C1990049355F /* WaveScrollView.m */,
				BB9C77E32A8D5F3400A138BE /* WaveView.h */,
				BB9C77E42A8D5F7C00A138BE /* WaveView.m */,
				BB51C1E32E59DAFE0049355F /* TileView.h */,
				BB51C1E12E59DAA50049355F /* TileView.m */,
				BB5A2C212B925CD300040209 /* TextViewWithPlaceholder.h */,
				BB5A2C222B925CD300040209 /* TextViewWithPlaceholder.m */,
				BBDBBA772BA3AF9F003A80C1 /* DragImageFileView.h */,
				BBDBBA782BA3AF9F003A80C1 /* DragImageFileView.m */,
				BB3927062C17A3C4009C7B32 /* TableViewExtraState.h */,
				BB3927002C14C606009C7B32 /* TableCellView.h */,
				BB3927012C14C606009C7B32 /* TableCellView.m */,
				BB3926FD2C14B3FA009C7B32 /* TableRowView.h */,
				BB3926FE2C14B43E009C7B32 /* TableRowView.m */,
				BB694CA12E6BB09C00818B01 /* BloomyText.h */,
				BB694CA22E6BB09C00818B01 /* BloomyText.m */,
				BB3D78902F043D23002C2D7E /* PhosphorChaserView.h */,
				BB3D78912F043D23002C2D7E /* PhosphorChaserView.m */,
			);
			path = Views;
			sourceTree = "<group>";
		};
		BBD24D542432948800DC2A81 = {
			isa = PBXGroup;
			children = (
				BBAD5EF72D038D5100F664AB /* ci_scripts */,
				BBDB1B3B2B640A5100A953F7 /* Scripts */,
				BBD24D5F2432948800DC2A81 /* PlayEm */,
				BB0632572F05C76800A3381E /* PlayEmTests */,
				BB57DE452F05D614008FFBD1 /* PlayEmCore */,
				BB57DE522F05D614008FFBD1 /* PlayEmCoreTests */,
				BBDBBC2A2F062ED200ACC632 /* PlayEmRefineCLI */,
				BBD24D5E2432948800DC2A81 /* Products */,
				BB8820C5244101C200CDB8C3 /* Frameworks */,
				BB8A1008290353E300FC6013 /* OptimizationProfiles */,
				BB14C0842F05CA6000280092 /* Recovered References */,
			);
			sourceTree = "<group>";
		};
		BBD24D5E2432948800DC2A81 /* Products */ = {
			isa = PBXGroup;
			children = (
				BBD24D5D2432948800DC2A81 /* PlayEm.app */,
				BB0632562F05C76700A3381E /* PlayEmTests.xctest */,
				BB57DE442F05D614008FFBD1 /* PlayEmCore.framework */,
				BB57DE4C2F05D614008FFBD1 /* PlayEmCoreTests.xctest */,
				BBDBBC292F062ED200ACC632 /* PlayEmRefineCLI */,
			);
			name = Products;
			sourceTree = "<group>";
		};
		BBD24D5F2432948800DC2A81 /* PlayEm */ = {
			isa = PBXGroup;
			children = (
				BBDB1B412B644E8F00A953F7 /* Controls */,
				BBC8B32D293C47D900F5D38E /* Views */,
				BBA456DE293948D70062D470 /* Window & ViewControllers */,
				BB6CBC982471F0A1003E1415 /* Shaders */,
				BBE2846A2467640800BE9D7F /* ShaderTypes.h */,
				BBCE23552B5C9FAC003892F3 /* ScopeShaderTypes.h */,
				BBCE23562B5C9FAC003892F3 /* WaveShaderTypes.h */,
				BBCE23522B5C9C41003892F3 /* GraphicsTools.h */,
				BBCE23532B5C9C41003892F3 /* GraphicsTools.m */,
				BBE284662467612F00BE9D7F /* ScopeRenderer.h */,
				BBE284672467612F00BE9D7F /* ScopeRenderer.m */,
				BBDC9888250E81CF008B19D1 /* BrowserController.h */,
				BBDC9889250E81D0008B19D1 /* BrowserController.m */,
				BBC2AF7B2B8FD97C0077EB5E /* MusicAuthenticationController.h */,
				BBC2AF7C2B8FD97C0077EB5E /* MusicAuthenticationController.m */,
				BBC2AF752B8DE2770077EB5E /* NSError+BetterError.h */,
				BBC2AF762B8DE2770077EB5E /* NSError+BetterError.m */,
				BBC2AF782B8DF0950077EB5E /* NSAlert+BetterError.h */,
				BBC2AF792B8DF0960077EB5E /* NSAlert+BetterError.m */,
				BB46D4AA2D8DCD150090CD56 /* NSString+OccurenceCount.h */,
				BB46D4AB2D8DCD150090CD56 /* NSString+OccurenceCount.m */,
				BBF7982B2ADC4BAA00893533 /* NSString+BeautifulPast.h */,
				BBF7982C2ADC4BAA00893533 /* NSString+BeautifulPast.m */,
				BBD24D602432948800DC2A81 /* AppDelegate.h */,
				BBD24D612432948800DC2A81 /* AppDelegate.m */,
				BBD24D632432948B00DC2A81 /* Assets.xcassets */,
				BBECB0242D4FF33E00C6A6F3 /* LargeRastaPattern.png */,
				BBBBF94A2EF30ADF001035DA /* UnknownSong.png */,
				BB9401862AD0974900B7B150 /* AcceleratedBiquadFilter.h */,
				BB51C1F02E5D18940049355F /* credits.rtf */,
				BB0A62D42EAD690A00BAF444 /* TODO.md */,
				BBD24D682432948B00DC2A81 /* Info.plist */,
				BBD24D692432948B00DC2A81 /* main.m */,
				BBD24D6B2432948B00DC2A81 /* PlayEm.entitlements */,
				BBAD5EF12CE0ECBD00F664AB /* CALayer+PauseAnimations.h */,
				BBAD5EF22CE0ECBD00F664AB /* CALayer+PauseAnimations.m */,
				BB8A100A290586A200FC6013 /* CAShapeLayer+Path.h */,
				BB8A100B290586E500FC6013 /* CAShapeLayer+Path.m */,
				BB5A4D8F28FC5C2B003A733C /* NSBezierPath+CGPath.h */,
				BB5A4D9028FC5C2B003A733C /* NSBezierPath+CGPath.m */,
				BB9CE9B028D388F3008DFF91 /* MainMenu.xib */,
				BBF81D912CBB025C0086AECB /* NSColor+Metal.h */,
				BBF81D922CBB025C0086AECB /* NSColor+Metal.m */,
				BB25CF55255758CC005BFC32 /* LoadState.h */,
				BBA623D22620F67500924D44 /* UIView+Visibility.h */,
				BBA623D32620F6A200924D44 /* UIView+Visibility.m */,
				BB0C5D9127768D2400856978 /* MatrixUtilities.h */,
				BB0C5D9227768D2400856978 /* MatrixUtilities.m */,
				BB7C6267293144890019AF25 /* Defaults.h */,
				BB7C6268293144890019AF25 /* Defaults.m */,
				BB3B8D8C2B85285E006AEFCA /* ProfilingPointsOfInterest.h */,
				BB8571022972152B0004218B /* README.md */,
				BB3927072C1BA8BD009C7B32 /* NSURL+WithoutParameters.h */,
				BB3927082C1BA8BD009C7B32 /* NSURL+WithoutParameters.m */,
				BB46D4AD2D98715B0090CD56 /* NSImage+Resize.h */,
				BB46D4AE2D98715B0090CD56 /* NSImage+Resize.m */,
				BB46D4B02D99AD5E0090CD56 /* NSImage+Average.h */,
				BB46D4B12D99AD5E0090CD56 /* NSImage+Average.m */,
			);
			path = PlayEm;
			sourceTree = "<group>";
		};
		BBDB1B3B2B640A5100A953F7 /* Scripts */ = {
			isa = PBXGroup;
			children = (
				BBDB1B3C2B640AA700A953F7 /* build_dmg.sh */,
			);
			path = Scripts;
			sourceTree = "<group>";
		};
		BBDB1B412B644E8F00A953F7 /* Controls */ = {
			isa = PBXGroup;
			children = (
				BB8A100528FF49E400FC6013 /* Scroller.h */,
				BB8A100628FF49E400FC6013 /* Scroller.m */,
				BB896FF12928874500B41809 /* TableHeaderCell.h */,
				BB896FF22928874500B41809 /* TableHeaderCell.m */,
				BB097A072921967700D33E44 /* LevelIndicatorCell.h */,
				BB097A082921967700D33E44 /* LevelIndicatorCell.m */,
				BB09C23B2E8028FB00C506FC /* SymbolButton.h */,
				BB09C23C2E8028FB00C506FC /* SymbolButton.m */,
			);
			path = Controls;
			sourceTree = "<group>";
		};
/* End PBXGroup section */

/* Begin PBXHeadersBuildPhase section */
		BB57DE3F2F05D614008FFBD1 /* Headers */ = {
			isa = PBXHeadersBuildPhase;
			buildActionMask = 2147483647;
			files = (
			);
			runOnlyForDeploymentPostprocessing = 0;
		};
/* End PBXHeadersBuildPhase section */

/* Begin PBXNativeTarget section */
		BB0632552F05C76700A3381E /* PlayEmTests */ = {
			isa = PBXNativeTarget;
			buildConfigurationList = BB06325E2F05C76800A3381E /* Build configuration list for PBXNativeTarget "PlayEmTests" */;
			buildPhases = (
				BB0632522F05C76700A3381E /* Sources */,
				BB0632532F05C76700A3381E /* Frameworks */,
				BB0632542F05C76700A3381E /* Resources */,
			);
			buildRules = (
			);
			dependencies = (
				BB06325B2F05C76800A3381E /* PBXTargetDependency */,
			);
			fileSystemSynchronizedGroups = (
				BB0632572F05C76800A3381E /* PlayEmTests */,
			);
			name = PlayEmTests;
			packageProductDependencies = (
			);
			productName = PlayEmTests;
			productReference = BB0632562F05C76700A3381E /* PlayEmTests.xctest */;
			productType = "com.apple.product-type.bundle.unit-test";
		};
		BB57DE432F05D614008FFBD1 /* PlayEmCore */ = {
			isa = PBXNativeTarget;
			buildConfigurationList = BB57DE5E2F05D614008FFBD1 /* Build configuration list for PBXNativeTarget "PlayEmCore" */;
			buildPhases = (
				BB57DE3F2F05D614008FFBD1 /* Headers */,
				BB57DE402F05D614008FFBD1 /* Sources */,
				BB57DE412F05D614008FFBD1 /* Frameworks */,
				BB57DE422F05D614008FFBD1 /* Resources */,
				BB57DEA42F05D7E9008FFBD1 /* Embed Frameworks */,
			);
			buildRules = (
			);
			dependencies = (
			);
			fileSystemSynchronizedGroups = (
				BB57DE452F05D614008FFBD1 /* PlayEmCore */,
			);
			name = PlayEmCore;
			packageProductDependencies = (
			);
			productName = PlayEmCore;
			productReference = BB57DE442F05D614008FFBD1 /* PlayEmCore.framework */;
			productType = "com.apple.product-type.framework";
		};
		BB57DE4B2F05D614008FFBD1 /* PlayEmCoreTests */ = {
			isa = PBXNativeTarget;
			buildConfigurationList = BB57DE5F2F05D614008FFBD1 /* Build configuration list for PBXNativeTarget "PlayEmCoreTests" */;
			buildPhases = (
				BB57DE482F05D614008FFBD1 /* Sources */,
				BB57DE492F05D614008FFBD1 /* Frameworks */,
				BB57DE4A2F05D614008FFBD1 /* Resources */,
			);
			buildRules = (
			);
			dependencies = (
				BB57DE4F2F05D614008FFBD1 /* PBXTargetDependency */,
			);
			fileSystemSynchronizedGroups = (
				BB57DE522F05D614008FFBD1 /* PlayEmCoreTests */,
			);
			name = PlayEmCoreTests;
			packageProductDependencies = (
			);
			productName = PlayEmCoreTests;
			productReference = BB57DE4C2F05D614008FFBD1 /* PlayEmCoreTests.xctest */;
			productType = "com.apple.product-type.bundle.unit-test";
		};
		BBD24D5C2432948800DC2A81 /* PlayEm */ = {
			isa = PBXNativeTarget;
			buildConfigurationList = BBD24D6E2432948B00DC2A81 /* Build configuration list for PBXNativeTarget "PlayEm" */;
			buildPhases = (
				BB10548A253C503A002DF368 /* Raise Build Number */,
				BBD24D592432948800DC2A81 /* Sources */,
				BBD24D5A2432948800DC2A81 /* Frameworks */,
				BBD24D5B2432948800DC2A81 /* Resources */,
				BB8820CA244102CD00CDB8C3 /* Embed Libraries */,
				BB1614B32AABC7BF00F6C5E6 /* Sign Embedded Frameworks */,
			);
			buildRules = (
			);
			dependencies = (
				BB57DE562F05D614008FFBD1 /* PBXTargetDependency */,
			);
			name = PlayEm;
			productName = PlayEm;
			productReference = BBD24D5D2432948800DC2A81 /* PlayEm.app */;
			productType = "com.apple.product-type.application";
		};
		BBDBBC282F062ED200ACC632 /* PlayEmRefineCLI */ = {
			isa = PBXNativeTarget;
			buildConfigurationList = BBDBBC2D2F062ED200ACC632 /* Build configuration list for PBXNativeTarget "PlayEmRefineCLI" */;
			buildPhases = (
				BBDBBC252F062ED200ACC632 /* Sources */,
				BBDBBC262F062ED200ACC632 /* Frameworks */,
				BBDBBC272F062ED200ACC632 /* CopyFiles */,
			);
			buildRules = (
			);
			dependencies = (
				BBDBBCDF2F06DAD300ACC632 /* PBXTargetDependency */,
			);
			fileSystemSynchronizedGroups = (
				BBDBBC2A2F062ED200ACC632 /* PlayEmRefineCLI */,
			);
			name = PlayEmRefineCLI;
			packageProductDependencies = (
			);
			productName = PlayEmRefineCLI;
			productReference = BBDBBC292F062ED200ACC632 /* PlayEmRefineCLI */;
			productType = "com.apple.product-type.tool";
		};
/* End PBXNativeTarget section */

/* Begin PBXProject section */
		BBD24D552432948800DC2A81 /* Project object */ = {
			isa = PBXProject;
			attributes = {
				BuildIndependentTargetsInParallel = YES;
				LastUpgradeCheck = 1530;
				ORGANIZATIONNAME = "Till Toenshoff";
				TargetAttributes = {
					BB0632552F05C76700A3381E = {
						CreatedOnToolsVersion = 26.2;
						TestTargetID = BBD24D5C2432948800DC2A81;
					};
					BB57DE432F05D614008FFBD1 = {
						CreatedOnToolsVersion = 26.2;
					};
					BB57DE4B2F05D614008FFBD1 = {
						CreatedOnToolsVersion = 26.2;
						TestTargetID = BBD24D5C2432948800DC2A81;
					};
					BBD24D5C2432948800DC2A81 = {
						CreatedOnToolsVersion = 11.4;
					};
					BBDBBC282F062ED200ACC632 = {
						CreatedOnToolsVersion = 26.2;
					};
				};
			};
			buildConfigurationList = BBD24D582432948800DC2A81 /* Build configuration list for PBXProject "PlayEm" */;
			compatibilityVersion = "Xcode 9.3";
			developmentRegion = en;
			hasScannedForEncodings = 0;
			knownRegions = (
				en,
				Base,
			);
			mainGroup = BBD24D542432948800DC2A81;
			productRefGroup = BBD24D5E2432948800DC2A81 /* Products */;
			projectDirPath = "";
			projectRoot = "";
			targets = (
				BBD24D5C2432948800DC2A81 /* PlayEm */,
				BB0632552F05C76700A3381E /* PlayEmTests */,
				BB57DE432F05D614008FFBD1 /* PlayEmCore */,
				BB57DE4B2F05D614008FFBD1 /* PlayEmCoreTests */,
				BBDBBC282F062ED200ACC632 /* PlayEmRefineCLI */,
			);
		};
/* End PBXProject section */

/* Begin PBXResourcesBuildPhase section */
		BB0632542F05C76700A3381E /* Resources */ = {
			isa = PBXResourcesBuildPhase;
			buildActionMask = 2147483647;
			files = (
			);
			runOnlyForDeploymentPostprocessing = 0;
		};
		BB57DE422F05D614008FFBD1 /* Resources */ = {
			isa = PBXResourcesBuildPhase;
			buildActionMask = 2147483647;
			files = (
			);
			runOnlyForDeploymentPostprocessing = 0;
		};
		BB57DE4A2F05D614008FFBD1 /* Resources */ = {
			isa = PBXResourcesBuildPhase;
			buildActionMask = 2147483647;
			files = (
			);
			runOnlyForDeploymentPostprocessing = 0;
		};
		BBD24D5B2432948800DC2A81 /* Resources */ = {
			isa = PBXResourcesBuildPhase;
			buildActionMask = 2147483647;
			files = (
				BBBBF94B2EF30B8E001035DA /* UnknownSong.png in Resources */,
				BB51C1F12E5D18940049355F /* credits.rtf in Resources */,
				BBECB0252D4FF33E00C6A6F3 /* LargeRastaPattern.png in Resources */,
				BB8571032972152B0004218B /* README.md in Resources */,
				BBD24D642432948B00DC2A81 /* Assets.xcassets in Resources */,
				BB9CE9B128D388F3008DFF91 /* MainMenu.xib in Resources */,
			);
			runOnlyForDeploymentPostprocessing = 0;
		};
/* End PBXResourcesBuildPhase section */

/* Begin PBXShellScriptBuildPhase section */
		BB10548A253C503A002DF368 /* Raise Build Number */ = {
			isa = PBXShellScriptBuildPhase;
			alwaysOutOfDate = 1;
			buildActionMask = 2147483647;
			files = (
			);
			inputFileListPaths = (
			);
			inputPaths = (
			);
			name = "Raise Build Number";
			outputFileListPaths = (
			);
			outputPaths = (
			);
			runOnlyForDeploymentPostprocessing = 0;
			shellPath = /bin/sh;
			shellScript = "buildNumber=$(/usr/libexec/PlistBuddy -c \"Print CFBundleVersion\" \"${PROJECT_DIR}/${INFOPLIST_FILE}\")\nbuildNumber=$(($buildNumber + 1))\n/usr/libexec/PlistBuddy -c \"Set :CFBundleVersion $buildNumber\" \"${PROJECT_DIR}/${INFOPLIST_FILE}\"\n\n";
		};
		BB1614B32AABC7BF00F6C5E6 /* Sign Embedded Frameworks */ = {
			isa = PBXShellScriptBuildPhase;
			buildActionMask = 2147483647;
			files = (
			);
			inputFileListPaths = (
			);
			inputPaths = (
			);
			name = "Sign Embedded Frameworks";
			outputFileListPaths = (
			);
			outputPaths = (
			);
			runOnlyForDeploymentPostprocessing = 0;
			shellPath = /bin/sh;
			shellScript = "IDENTITY=\"Developer ID Application: Till Toenshoff (YK4D72U3YW)\"\nFW_DIR=\"${TARGET_BUILD_DIR}/${FRAMEWORKS_FOLDER_PATH}\"\nif [ -d \"$FW_DIR\" ]; then\n  for fw in \"$FW_DIR\"/*; do\n    /usr/bin/codesign --force --options runtime --timestamp --sign \"$IDENTITY\" \"$fw\"\n    # If it has a binary inside Versions/Current, sign that explicitly too\n    if [ -d \"$fw/Versions/Current\" ]; then\n      bin=\"$fw/Versions/Current/$(basename \"$fw\" .framework)\"\n      [ -f \"$bin\" ] && /usr/bin/codesign --force --options runtime --timestamp --sign \"$IDENTITY\" \"$bin\"\n    fi\n  done\nfi\n";
		};
/* End PBXShellScriptBuildPhase section */

/* Begin PBXSourcesBuildPhase section */
		BB0632522F05C76700A3381E /* Sources */ = {
			isa = PBXSourcesBuildPhase;
			buildActionMask = 2147483647;
			files = (
				BBF0D0022F0ABC0000A1B2C1 /* PlayEmTests/TotalIdentificationControllerTests.m in Sources */,
			);
			runOnlyForDeploymentPostprocessing = 0;
		};
		BB57DE402F05D614008FFBD1 /* Sources */ = {
			isa = PBXSourcesBuildPhase;
			buildActionMask = 2147483647;
			files = (
			);
			runOnlyForDeploymentPostprocessing = 0;
		};
		BB57DE482F05D614008FFBD1 /* Sources */ = {
			isa = PBXSourcesBuildPhase;
			buildActionMask = 2147483647;
			files = (
			);
			runOnlyForDeploymentPostprocessing = 0;
		};
		BBD24D592432948800DC2A81 /* Sources */ = {
			isa = PBXSourcesBuildPhase;
			buildActionMask = 2147483647;
			files = (
				BB8A100C290586E500FC6013 /* CAShapeLayer+Path.m in Sources */,
				BBC2AF7A2B8DF0960077EB5E /* NSAlert+BetterError.m in Sources */,
				BB9C77E52A8D5F7C00A138BE /* WaveView.m in Sources */,
				BB09C23D2E8028FB00C506FC /* SymbolButton.m in Sources */,
				BBAD5EF32CE0ECBD00F664AB /* CALayer+PauseAnimations.m in Sources */,
				BBC2AF772B8DE2780077EB5E /* NSError+BetterError.m in Sources */,
				BBF7982D2ADC4BAA00893533 /* NSString+BeautifulPast.m in Sources */,
				BBCE23542B5C9C41003892F3 /* GraphicsTools.m in Sources */,
				BBC2AF7D2B8FD97C0077EB5E /* MusicAuthenticationController.m in Sources */,
				BB7C626C2932E1540019AF25 /* ControlPanelController.m in Sources */,
				BB46D4AC2D8DCD150090CD56 /* NSString+OccurenceCount.m in Sources */,
				BBC76D912CCD9D6A00772DD2 /* IdentificationCoverView.m in Sources */,
				BB46D4B22D99AD5E0090CD56 /* NSImage+Average.m in Sources */,
				BBDC988A250E81D0008B19D1 /* BrowserController.m in Sources */,
				BB0A62CE2E88796A00BAF444 /* TracklistController.m in Sources */,
				BBC43B7028D28CDD00CD1080 /* InfoPanel.m in Sources */,
				BB3927092C1BA8BD009C7B32 /* NSURL+WithoutParameters.m in Sources */,
				BBF81D932CBB025C0086AECB /* NSColor+Metal.m in Sources */,
				BB896FF32928874500B41809 /* TableHeaderCell.m in Sources */,
				BB51C1E22E59DAA50049355F /* TileView.m in Sources */,
				BB7C6269293144890019AF25 /* Defaults.m in Sources */,
				BBD24D6A2432948B00DC2A81 /* main.m in Sources */,
				BBA623D42620F6A200924D44 /* UIView+Visibility.m in Sources */,
				BBE284682467612F00BE9D7F /* ScopeRenderer.m in Sources */,
				BBA456E129395B970062D470 /* IdentifyViewController.m in Sources */,
				BB5A4D9128FC5C2B003A733C /* NSBezierPath+CGPath.m in Sources */,
				BB097A092921967700D33E44 /* LevelIndicatorCell.m in Sources */,
				BBDBBA7B2BA4B013003A80C1 /* WaveShaders.metal in Sources */,
				BB2CB5652481A92600D47258 /* WaveWindowController.m in Sources */,
				BB8A100728FF49E400FC6013 /* Scroller.m in Sources */,
				BBDBBA792BA3AF9F003A80C1 /* DragImageFileView.m in Sources */,
				BBE2846D246765BD00BE9D7F /* Shaders.metal in Sources */,
				BB5DC1F52F00A52100CCA2D6 /* ActivityViewController.m in Sources */,
				BB097A0C2921B1E500D33E44 /* ScrollingTextView.m in Sources */,
				BB5A2C232B925CD300040209 /* TextViewWithPlaceholder.m in Sources */,
				BBD24D622432948800DC2A81 /* AppDelegate.m in Sources */,
				BBAD7D55262B973C00089ACC /* ScopeView.m in Sources */,
				BB51C1E02E59C1990049355F /* WaveScrollView.m in Sources */,
				BB3D78922F043D23002C2D7E /* PhosphorChaserView.m in Sources */,
				BB46D4AF2D98715B0090CD56 /* NSImage+Resize.m in Sources */,
				BB0BDC3A2EC014550052D363 /* WaveViewController.m in Sources */,
				BB3926FF2C14B43E009C7B32 /* TableRowView.m in Sources */,
				BBB37D21290F4A7E0007A6BB /* PlaylistController.m in Sources */,
				BB3927022C14C606009C7B32 /* TableCellView.m in Sources */,
				BB0C5D9327768D2400856978 /* MatrixUtilities.m in Sources */,
				BB694CA32E6BB09C00818B01 /* BloomyText.m in Sources */,
				BB51C1E92E5A4A320049355F /* CreditsViewController.m in Sources */,
			);
			runOnlyForDeploymentPostprocessing = 0;
		};
		BBDBBC252F062ED200ACC632 /* Sources */ = {
			isa = PBXSourcesBuildPhase;
			buildActionMask = 2147483647;
			files = (
			);
			runOnlyForDeploymentPostprocessing = 0;
		};
/* End PBXSourcesBuildPhase section */

/* Begin PBXTargetDependency section */
		BB06325B2F05C76800A3381E /* PBXTargetDependency */ = {
			isa = PBXTargetDependency;
			target = BBD24D5C2432948800DC2A81 /* PlayEm */;
			targetProxy = BB06325A2F05C76800A3381E /* PBXContainerItemProxy */;
		};
		BB57DE4F2F05D614008FFBD1 /* PBXTargetDependency */ = {
			isa = PBXTargetDependency;
			target = BB57DE432F05D614008FFBD1 /* PlayEmCore */;
			targetProxy = BB57DE4E2F05D614008FFBD1 /* PBXContainerItemProxy */;
		};
		BB57DE512F05D614008FFBD1 /* PBXTargetDependency */ = {
			isa = PBXTargetDependency;
			target = BBD24D5C2432948800DC2A81 /* PlayEm */;
			targetProxy = BB57DE502F05D614008FFBD1 /* PBXContainerItemProxy */;
		};
		BB57DE562F05D614008FFBD1 /* PBXTargetDependency */ = {
			isa = PBXTargetDependency;
			target = BB57DE432F05D614008FFBD1 /* PlayEmCore */;
			targetProxy = BB57DE552F05D614008FFBD1 /* PBXContainerItemProxy */;
		};
		BBDBBCDF2F06DAD300ACC632 /* PBXTargetDependency */ = {
			isa = PBXTargetDependency;
			target = BB57DE432F05D614008FFBD1 /* PlayEmCore */;
			targetProxy = BBDBBCDE2F06DAD300ACC632 /* PBXContainerItemProxy */;
		};
/* End PBXTargetDependency section */

/* Begin XCBuildConfiguration section */
		BB06325C2F05C76800A3381E /* Debug */ = {
			isa = XCBuildConfiguration;
			buildSettings = {
				BUNDLE_LOADER = "$(TEST_HOST)";
				CLANG_CXX_LANGUAGE_STANDARD = "gnu++20";
				CODE_SIGN_STYLE = Automatic;
				CURRENT_PROJECT_VERSION = 1;
				DEVELOPMENT_TEAM = YK4D72U3YW;
				ENABLE_USER_SCRIPT_SANDBOXING = YES;
				FRAMEWORK_SEARCH_PATHS = (
					"$(inherited)",
					"$(SRCROOT)/ThirdParty",
				);
				GCC_C_LANGUAGE_STANDARD = gnu17;
				GENERATE_INFOPLIST_FILE = NO;
				HEADER_SEARCH_PATHS = PlayEmCore;
				INFOPLIST_FILE = PlayEmTests/Info.plist;
				LOCALIZATION_PREFERS_STRING_CATALOGS = YES;
				MACOSX_DEPLOYMENT_TARGET = 15.7;
				MARKETING_VERSION = 1.0;
				PRODUCT_BUNDLE_IDENTIFIER = com.toenshoff.playem.PlayEmTests;
				PRODUCT_NAME = "$(TARGET_NAME)";
				STRING_CATALOG_GENERATE_SYMBOLS = NO;
				SWIFT_EMIT_LOC_STRINGS = NO;
				TEST_HOST = "$(BUILT_PRODUCTS_DIR)/PlayEm.app/$(BUNDLE_EXECUTABLE_FOLDER_PATH)/PlayEm";
			};
			name = Debug;
		};
		BB06325D2F05C76800A3381E /* Release */ = {
			isa = XCBuildConfiguration;
			buildSettings = {
				BUNDLE_LOADER = "$(TEST_HOST)";
				CLANG_CXX_LANGUAGE_STANDARD = "gnu++20";
				CODE_SIGN_STYLE = Automatic;
				CURRENT_PROJECT_VERSION = 1;
				DEVELOPMENT_TEAM = YK4D72U3YW;
				ENABLE_USER_SCRIPT_SANDBOXING = YES;
				FRAMEWORK_SEARCH_PATHS = (
					"$(inherited)",
					"$(SRCROOT)/ThirdParty",
				);
				GCC_C_LANGUAGE_STANDARD = gnu17;
				GENERATE_INFOPLIST_FILE = NO;
				HEADER_SEARCH_PATHS = PlayEmCore;
				INFOPLIST_FILE = PlayEmTests/Info.plist;
				LOCALIZATION_PREFERS_STRING_CATALOGS = YES;
				MACOSX_DEPLOYMENT_TARGET = 15.7;
				MARKETING_VERSION = 1.0;
				PRODUCT_BUNDLE_IDENTIFIER = com.toenshoff.playem.PlayEmTests;
				PRODUCT_NAME = "$(TARGET_NAME)";
				STRING_CATALOG_GENERATE_SYMBOLS = NO;
				SWIFT_EMIT_LOC_STRINGS = NO;
				TEST_HOST = "$(BUILT_PRODUCTS_DIR)/PlayEm.app/$(BUNDLE_EXECUTABLE_FOLDER_PATH)/PlayEm";
			};
			name = Release;
		};
		BB57DE592F05D614008FFBD1 /* Debug */ = {
			isa = XCBuildConfiguration;
			buildSettings = {
				CLANG_CXX_LANGUAGE_STANDARD = "gnu++20";
				CODE_SIGN_IDENTITY = "-";
				CODE_SIGN_STYLE = Manual;
				COMBINE_HIDPI_IMAGES = YES;
				CURRENT_PROJECT_VERSION = 1;
				DEFINES_MODULE = YES;
				DEVELOPMENT_TEAM = "";
				DYLIB_COMPATIBILITY_VERSION = 1;
				DYLIB_CURRENT_VERSION = 1;
				DYLIB_INSTALL_NAME_BASE = "@rpath";
				ENABLE_MODULE_VERIFIER = YES;
				ENABLE_USER_SCRIPT_SANDBOXING = YES;
				FRAMEWORK_SEARCH_PATHS = (
					"$(inherited)",
					"$(PROJECT_DIR)/ThirdParty",
				);
				GCC_C_LANGUAGE_STANDARD = gnu17;
				GENERATE_INFOPLIST_FILE = YES;
				HEADER_SEARCH_PATHS = (
					"$(SRCROOT)/PlayEm",
					"$(SRCROOT)/PlayEm/**",
					"$(SRCROOT)/ThirdParty/ChapterForge.framework/Headers",
					"$(SRCROOT)/ThirdParty/tag.framework/Headers",
					"$(SRCROOT)/ThirdParty/tag_c.framework/Headers",
					/opt/homebrew/include,
				);
				INFOPLIST_KEY_NSHumanReadableCopyright = "Copyright © 2025 Till Toenshoff. All rights reserved.";
				INSTALL_PATH = "$(LOCAL_LIBRARY_DIR)/Frameworks";
				LD_RUNPATH_SEARCH_PATHS = (
					"$(inherited)",
					"@executable_path/../Frameworks",
					"@loader_path/Frameworks",
				);
				LIBRARY_SEARCH_PATHS = (
					"$(inherited)",
					"$(PROJECT_DIR)/ThirdParty",
				);
				LOCALIZATION_PREFERS_STRING_CATALOGS = YES;
				MACOSX_DEPLOYMENT_TARGET = 15.7;
				MARKETING_VERSION = 1.0;
				MODULE_VERIFIER_SUPPORTED_LANGUAGES = "objective-c objective-c++";
				MODULE_VERIFIER_SUPPORTED_LANGUAGE_STANDARDS = "gnu17 gnu++20";
				OTHER_CFLAGS = "-DACCELERATE_NEW_LAPACK";
				PRODUCT_BUNDLE_IDENTIFIER = com.toenshoff.playem.PlayEmCore;
				PRODUCT_NAME = "$(TARGET_NAME:c99extidentifier)";
				PROVISIONING_PROFILE_SPECIFIER = "";
				SKIP_INSTALL = YES;
				STRING_CATALOG_GENERATE_SYMBOLS = YES;
				SWIFT_EMIT_LOC_STRINGS = YES;
				VERSIONING_SYSTEM = "apple-generic";
				VERSION_INFO_PREFIX = "";
			};
			name = Debug;
		};
		BB57DE5A2F05D614008FFBD1 /* Release */ = {
			isa = XCBuildConfiguration;
			buildSettings = {
				CLANG_CXX_LANGUAGE_STANDARD = "gnu++20";
				CODE_SIGN_IDENTITY = "Developer ID Application";
				"CODE_SIGN_IDENTITY[sdk=macosx*]" = "Apple Development";
				CODE_SIGN_STYLE = Automatic;
				COMBINE_HIDPI_IMAGES = YES;
				CURRENT_PROJECT_VERSION = 1;
				DEFINES_MODULE = YES;
				DEVELOPMENT_TEAM = YK4D72U3YW;
				"DEVELOPMENT_TEAM[sdk=macosx*]" = "";
				DYLIB_COMPATIBILITY_VERSION = 1;
				DYLIB_CURRENT_VERSION = 1;
				DYLIB_INSTALL_NAME_BASE = "@rpath";
				ENABLE_MODULE_VERIFIER = YES;
				ENABLE_USER_SCRIPT_SANDBOXING = YES;
				FRAMEWORK_SEARCH_PATHS = (
					"$(inherited)",
					"$(PROJECT_DIR)/ThirdParty",
				);
				GCC_C_LANGUAGE_STANDARD = gnu17;
				GENERATE_INFOPLIST_FILE = YES;
				HEADER_SEARCH_PATHS = (
					"$(SRCROOT)/PlayEm",
					"$(SRCROOT)/PlayEm/**",
					"$(SRCROOT)/ThirdParty/ChapterForge.framework/Headers",
					"$(SRCROOT)/ThirdParty/tag.framework/Headers",
					"$(SRCROOT)/ThirdParty/tag_c.framework/Headers",
					/opt/homebrew/include,
				);
				INFOPLIST_KEY_NSHumanReadableCopyright = "Copyright © 2025 Till Toenshoff. All rights reserved.";
				INSTALL_PATH = "$(LOCAL_LIBRARY_DIR)/Frameworks";
				LD_RUNPATH_SEARCH_PATHS = (
					"$(inherited)",
					"@executable_path/../Frameworks",
					"@loader_path/Frameworks",
				);
				LIBRARY_SEARCH_PATHS = (
					"$(inherited)",
					"$(PROJECT_DIR)/ThirdParty",
				);
				LOCALIZATION_PREFERS_STRING_CATALOGS = YES;
				MACOSX_DEPLOYMENT_TARGET = 15.7;
				MARKETING_VERSION = 1.0;
				MODULE_VERIFIER_SUPPORTED_LANGUAGES = "objective-c objective-c++";
				MODULE_VERIFIER_SUPPORTED_LANGUAGE_STANDARDS = "gnu17 gnu++20";
				OTHER_CFLAGS = "-DACCELERATE_NEW_LAPACK";
				PRODUCT_BUNDLE_IDENTIFIER = com.toenshoff.playem.PlayEmCore;
				PRODUCT_NAME = "$(TARGET_NAME:c99extidentifier)";
				PROVISIONING_PROFILE_SPECIFIER = "";
				SKIP_INSTALL = YES;
				STRING_CATALOG_GENERATE_SYMBOLS = YES;
				SWIFT_EMIT_LOC_STRINGS = YES;
				VERSIONING_SYSTEM = "apple-generic";
				VERSION_INFO_PREFIX = "";
			};
			name = Release;
		};
		BB57DE5B2F05D614008FFBD1 /* Debug */ = {
			isa = XCBuildConfiguration;
			buildSettings = {
				CLANG_CXX_LANGUAGE_STANDARD = "gnu++20";
				CODE_SIGN_STYLE = Automatic;
				CURRENT_PROJECT_VERSION = 1;
				DEVELOPMENT_TEAM = "-";
				"DEVELOPMENT_TEAM[sdk=macosx*]" = YK4D72U3YW;
				ENABLE_USER_SCRIPT_SANDBOXING = YES;
				GCC_C_LANGUAGE_STANDARD = gnu17;
				GENERATE_INFOPLIST_FILE = YES;
				HEADER_SEARCH_PATHS = (
					"$(PROJECT_DIR)/PlayEm/**",
					"$(PROJECT_DIR)/PlayEmCore/**",
				);
				LOCALIZATION_PREFERS_STRING_CATALOGS = YES;
				MACOSX_DEPLOYMENT_TARGET = 15.7;
				MARKETING_VERSION = 1.0;
				PRODUCT_BUNDLE_IDENTIFIER = com.toenshoff.playem.PlayEmCoreTests;
				PRODUCT_NAME = "$(TARGET_NAME)";
				STRING_CATALOG_GENERATE_SYMBOLS = NO;
				SWIFT_EMIT_LOC_STRINGS = NO;
				TEST_HOST = "$(BUILT_PRODUCTS_DIR)/PlayEm.app/$(BUNDLE_EXECUTABLE_FOLDER_PATH)/PlayEm";
			};
			name = Debug;
		};
		BB57DE5C2F05D614008FFBD1 /* Release */ = {
			isa = XCBuildConfiguration;
			buildSettings = {
				CLANG_CXX_LANGUAGE_STANDARD = "gnu++20";
				CODE_SIGN_STYLE = Automatic;
				CURRENT_PROJECT_VERSION = 1;
				DEVELOPMENT_TEAM = YK4D72U3YW;
				ENABLE_USER_SCRIPT_SANDBOXING = YES;
				GCC_C_LANGUAGE_STANDARD = gnu17;
				GENERATE_INFOPLIST_FILE = YES;
				HEADER_SEARCH_PATHS = (
					"$(PROJECT_DIR)/PlayEm/**",
					"$(PROJECT_DIR)/PlayEmCore/**",
				);
				LOCALIZATION_PREFERS_STRING_CATALOGS = YES;
				MACOSX_DEPLOYMENT_TARGET = 15.7;
				MARKETING_VERSION = 1.0;
				PRODUCT_BUNDLE_IDENTIFIER = com.toenshoff.playem.PlayEmCoreTests;
				PRODUCT_NAME = "$(TARGET_NAME)";
				STRING_CATALOG_GENERATE_SYMBOLS = NO;
				SWIFT_EMIT_LOC_STRINGS = NO;
				TEST_HOST = "$(BUILT_PRODUCTS_DIR)/PlayEm.app/$(BUNDLE_EXECUTABLE_FOLDER_PATH)/PlayEm";
			};
			name = Release;
		};
		BBD24D6C2432948B00DC2A81 /* Debug */ = {
			isa = XCBuildConfiguration;
			buildSettings = {
				ALWAYS_SEARCH_USER_PATHS = NO;
				ASSETCATALOG_COMPILER_GENERATE_SWIFT_ASSET_SYMBOL_EXTENSIONS = YES;
				CLANG_ADDRESS_SANITIZER_CONTAINER_OVERFLOW = YES;
				CLANG_ANALYZER_NONNULL = YES;
				CLANG_ANALYZER_NUMBER_OBJECT_CONVERSION = YES_AGGRESSIVE;
				CLANG_CXX_LANGUAGE_STANDARD = "gnu++14";
				CLANG_CXX_LIBRARY = "libc++";
				CLANG_ENABLE_MODULES = YES;
				CLANG_ENABLE_OBJC_ARC = YES;
				CLANG_ENABLE_OBJC_WEAK = YES;
				CLANG_UNDEFINED_BEHAVIOR_SANITIZER_INTEGER = YES;
				CLANG_UNDEFINED_BEHAVIOR_SANITIZER_NULLABILITY = YES;
				CLANG_WARN_BLOCK_CAPTURE_AUTORELEASING = YES;
				CLANG_WARN_BOOL_CONVERSION = YES;
				CLANG_WARN_COMMA = YES;
				CLANG_WARN_CONSTANT_CONVERSION = YES;
				CLANG_WARN_DEPRECATED_OBJC_IMPLEMENTATIONS = YES;
				CLANG_WARN_DIRECT_OBJC_ISA_USAGE = YES_ERROR;
				CLANG_WARN_DOCUMENTATION_COMMENTS = YES;
				CLANG_WARN_EMPTY_BODY = YES;
				CLANG_WARN_ENUM_CONVERSION = YES;
				CLANG_WARN_INFINITE_RECURSION = YES;
				CLANG_WARN_INT_CONVERSION = YES;
				CLANG_WARN_NON_LITERAL_NULL_CONVERSION = YES;
				CLANG_WARN_OBJC_IMPLICIT_RETAIN_SELF = YES;
				CLANG_WARN_OBJC_LITERAL_CONVERSION = YES;
				CLANG_WARN_OBJC_ROOT_CLASS = YES_ERROR;
				CLANG_WARN_QUOTED_INCLUDE_IN_FRAMEWORK_HEADER = YES;
				CLANG_WARN_RANGE_LOOP_ANALYSIS = YES;
				CLANG_WARN_STRICT_PROTOTYPES = YES;
				CLANG_WARN_SUSPICIOUS_MOVE = YES;
				CLANG_WARN_UNGUARDED_AVAILABILITY = YES_AGGRESSIVE;
				CLANG_WARN_UNREACHABLE_CODE = YES;
				CLANG_WARN__DUPLICATE_METHOD_MATCH = YES;
				CODE_SIGN_INJECT_BASE_ENTITLEMENTS = YES;
				COPY_PHASE_STRIP = NO;
				DEAD_CODE_STRIPPING = YES;
				DEBUG_INFORMATION_FORMAT = dwarf;
				DEVELOPMENT_TEAM = YK4D72U3YW;
				ENABLE_STRICT_OBJC_MSGSEND = YES;
				ENABLE_TESTABILITY = YES;
				ENABLE_USER_SCRIPT_SANDBOXING = NO;
				GCC_C_LANGUAGE_STANDARD = gnu11;
				GCC_DYNAMIC_NO_PIC = NO;
				GCC_NO_COMMON_BLOCKS = YES;
				GCC_OPTIMIZATION_LEVEL = 0;
				GCC_PREPROCESSOR_DEFINITIONS = (
					"DEBUG=1",
					"$(inherited)",
				);
				GCC_WARN_64_TO_32_BIT_CONVERSION = YES;
				GCC_WARN_ABOUT_RETURN_TYPE = YES_ERROR;
				GCC_WARN_UNDECLARED_SELECTOR = YES;
				GCC_WARN_UNINITIALIZED_AUTOS = YES_AGGRESSIVE;
				GCC_WARN_UNUSED_FUNCTION = YES;
				GCC_WARN_UNUSED_VARIABLE = YES;
				HEADER_SEARCH_PATHS = (
					/usr/local/include,
					/opt/homebrew/include,
				);
				MACOSX_DEPLOYMENT_TARGET = 14.6;
				MTL_ENABLE_DEBUG_INFO = INCLUDE_SOURCE;
				MTL_FAST_MATH = YES;
				ONLY_ACTIVE_ARCH = YES;
				SDKROOT = macosx;
			};
			name = Debug;
		};
		BBD24D6D2432948B00DC2A81 /* Release */ = {
			isa = XCBuildConfiguration;
			buildSettings = {
				ALWAYS_SEARCH_USER_PATHS = NO;
				ASSETCATALOG_COMPILER_GENERATE_SWIFT_ASSET_SYMBOL_EXTENSIONS = YES;
				CLANG_ANALYZER_NONNULL = YES;
				CLANG_ANALYZER_NUMBER_OBJECT_CONVERSION = YES_AGGRESSIVE;
				CLANG_CXX_LANGUAGE_STANDARD = "gnu++14";
				CLANG_CXX_LIBRARY = "libc++";
				CLANG_ENABLE_MODULES = YES;
				CLANG_ENABLE_OBJC_ARC = YES;
				CLANG_ENABLE_OBJC_WEAK = YES;
				CLANG_UNDEFINED_BEHAVIOR_SANITIZER_INTEGER = YES;
				CLANG_UNDEFINED_BEHAVIOR_SANITIZER_NULLABILITY = YES;
				CLANG_WARN_BLOCK_CAPTURE_AUTORELEASING = YES;
				CLANG_WARN_BOOL_CONVERSION = YES;
				CLANG_WARN_COMMA = YES;
				CLANG_WARN_CONSTANT_CONVERSION = YES;
				CLANG_WARN_DEPRECATED_OBJC_IMPLEMENTATIONS = YES;
				CLANG_WARN_DIRECT_OBJC_ISA_USAGE = YES_ERROR;
				CLANG_WARN_DOCUMENTATION_COMMENTS = YES;
				CLANG_WARN_EMPTY_BODY = YES;
				CLANG_WARN_ENUM_CONVERSION = YES;
				CLANG_WARN_INFINITE_RECURSION = YES;
				CLANG_WARN_INT_CONVERSION = YES;
				CLANG_WARN_NON_LITERAL_NULL_CONVERSION = YES;
				CLANG_WARN_OBJC_IMPLICIT_RETAIN_SELF = YES;
				CLANG_WARN_OBJC_LITERAL_CONVERSION = YES;
				CLANG_WARN_OBJC_ROOT_CLASS = YES_ERROR;
				CLANG_WARN_QUOTED_INCLUDE_IN_FRAMEWORK_HEADER = YES;
				CLANG_WARN_RANGE_LOOP_ANALYSIS = YES;
				CLANG_WARN_STRICT_PROTOTYPES = YES;
				CLANG_WARN_SUSPICIOUS_MOVE = YES;
				CLANG_WARN_UNGUARDED_AVAILABILITY = YES_AGGRESSIVE;
				CLANG_WARN_UNREACHABLE_CODE = YES;
				CLANG_WARN__DUPLICATE_METHOD_MATCH = YES;
				CODE_SIGN_INJECT_BASE_ENTITLEMENTS = YES;
				COPY_PHASE_STRIP = NO;
				DEAD_CODE_STRIPPING = YES;
				DEBUG_INFORMATION_FORMAT = "dwarf-with-dsym";
				DEVELOPMENT_TEAM = YK4D72U3YW;
				ENABLE_NS_ASSERTIONS = NO;
				ENABLE_STRICT_OBJC_MSGSEND = YES;
				ENABLE_USER_SCRIPT_SANDBOXING = NO;
				GCC_C_LANGUAGE_STANDARD = gnu11;
				GCC_NO_COMMON_BLOCKS = YES;
				GCC_WARN_64_TO_32_BIT_CONVERSION = YES;
				GCC_WARN_ABOUT_RETURN_TYPE = YES_ERROR;
				GCC_WARN_UNDECLARED_SELECTOR = YES;
				GCC_WARN_UNINITIALIZED_AUTOS = YES_AGGRESSIVE;
				GCC_WARN_UNUSED_FUNCTION = YES;
				GCC_WARN_UNUSED_VARIABLE = YES;
				HEADER_SEARCH_PATHS = (
					/usr/local/include,
					/opt/homebrew/include,
				);
				MACOSX_DEPLOYMENT_TARGET = 14.6;
				MTL_ENABLE_DEBUG_INFO = NO;
				MTL_FAST_MATH = YES;
				ONLY_ACTIVE_ARCH = NO;
				SDKROOT = macosx;
			};
			name = Release;
		};
		BBD24D6F2432948B00DC2A81 /* Debug */ = {
			isa = XCBuildConfiguration;
			buildSettings = {
				ASSETCATALOG_COMPILER_APPICON_NAME = AppIcon;
				ASSETCATALOG_COMPILER_INCLUDE_ALL_APPICON_ASSETS = YES;
				CLANG_CXX_LANGUAGE_STANDARD = "c++20";
				CLANG_UNDEFINED_BEHAVIOR_SANITIZER_INTEGER = YES;
				CLANG_UNDEFINED_BEHAVIOR_SANITIZER_NULLABILITY = YES;
				CLANG_USE_OPTIMIZATION_PROFILE = NO;
				CLANG_WARN_OBJC_IMPLICIT_ATOMIC_PROPERTIES = YES;
				CLANG_WARN_OBJC_INTERFACE_IVARS = YES_ERROR;
				CODE_SIGN_ENTITLEMENTS = PlayEm/PlayEm.entitlements;
				CODE_SIGN_IDENTITY = "Apple Development";
				CODE_SIGN_STYLE = Automatic;
				COMBINE_HIDPI_IMAGES = YES;
				DEAD_CODE_STRIPPING = YES;
				DEVELOPMENT_TEAM = YK4D72U3YW;
				ENABLE_HARDENED_RUNTIME = YES;
				EXCLUDED_SOURCE_FILE_NAMES = AudioController.mm;
				FRAMEWORK_SEARCH_PATHS = (
					"$(inherited)",
					"$(PROJECT_DIR)",
					"$(PROJECT_DIR)/ThirdParty",
					"$(PROJECT_DIR)/PlayEmCore",
				);
				GCC_PREPROCESSOR_DEFINITIONS = (
					"DEBUG=1",
					"$(inherited)",
				);
				HEADER_SEARCH_PATHS = (
					/usr/local/include,
					/opt/homebrew/include,
					"PlayEmCore/**",
				);
				INFOPLIST_FILE = PlayEm/Info.plist;
				INFOPLIST_KEY_LSApplicationCategoryType = "public.app-category.music";
				LD_RUNPATH_SEARCH_PATHS = (
					"$(inherited)",
					"@executable_path/../Frameworks",
				);
				LIBRARY_SEARCH_PATHS = (
					"$(inherited)",
					"$(PROJECT_DIR)",
					"$(PROJECT_DIR)/ThirdParty",
				);
				MACOSX_DEPLOYMENT_TARGET = 15.6;
				OTHER_CFLAGS = "";
				PRODUCT_BUNDLE_IDENTIFIER = com.toenshoff.playem;
				PRODUCT_NAME = "$(TARGET_NAME)";
				PROVISIONING_PROFILE_SPECIFIER = "";
				SYSTEM_FRAMEWORK_SEARCH_PATHS = (
					"$(inherited)",
					"$(SDKROOT)$(SYSTEM_LIBRARY_DIR)/PrivateFrameworks",
				);
				USER_HEADER_SEARCH_PATHS = (
					ThirdParty,
					PlayEmCore,
				);
			};
			name = Debug;
		};
		BBD24D702432948B00DC2A81 /* Release */ = {
			isa = XCBuildConfiguration;
			buildSettings = {
				ASSETCATALOG_COMPILER_APPICON_NAME = AppIcon;
				ASSETCATALOG_COMPILER_INCLUDE_ALL_APPICON_ASSETS = YES;
				CLANG_CXX_LANGUAGE_STANDARD = "c++20";
				CLANG_UNDEFINED_BEHAVIOR_SANITIZER_INTEGER = NO;
				CLANG_UNDEFINED_BEHAVIOR_SANITIZER_NULLABILITY = NO;
				CLANG_USE_OPTIMIZATION_PROFILE = NO;
				CLANG_WARN_OBJC_IMPLICIT_ATOMIC_PROPERTIES = YES;
				CODE_SIGN_ENTITLEMENTS = PlayEm/PlayEm.entitlements;
				CODE_SIGN_IDENTITY = "Developer ID Application";
				CODE_SIGN_STYLE = Manual;
				COMBINE_HIDPI_IMAGES = YES;
				DEAD_CODE_STRIPPING = YES;
				DEVELOPMENT_TEAM = YK4D72U3YW;
				"DEVELOPMENT_TEAM[sdk=macosx*]" = "";
				ENABLE_HARDENED_RUNTIME = YES;
				EXCLUDED_SOURCE_FILE_NAMES = AudioController.mm;
				FRAMEWORK_SEARCH_PATHS = (
					"$(inherited)",
					"$(PROJECT_DIR)",
					"$(PROJECT_DIR)/ThirdParty",
					"$(PROJECT_DIR)/PlayEmCore",
				);
				GCC_PREPROCESSOR_DEFINITIONS = "";
				HEADER_SEARCH_PATHS = (
					/usr/local/include,
					/opt/homebrew/include,
					"PlayEmCore/**",
				);
				INFOPLIST_FILE = PlayEm/Info.plist;
				INFOPLIST_KEY_LSApplicationCategoryType = "public.app-category.music";
				LD_RUNPATH_SEARCH_PATHS = (
					"$(inherited)",
					"@executable_path/../Frameworks",
				);
				LIBRARY_SEARCH_PATHS = (
					"$(inherited)",
					"$(PROJECT_DIR)",
					"$(PROJECT_DIR)/ThirdParty",
				);
				MACOSX_DEPLOYMENT_TARGET = 15.6;
				ONLY_ACTIVE_ARCH = NO;
				OTHER_CFLAGS = "";
				PRODUCT_BUNDLE_IDENTIFIER = com.toenshoff.playem;
				PRODUCT_NAME = "$(TARGET_NAME)";
				PROVISIONING_PROFILE_SPECIFIER = "";
				SYSTEM_FRAMEWORK_SEARCH_PATHS = (
					"$(inherited)",
					"$(SDKROOT)$(SYSTEM_LIBRARY_DIR)/PrivateFrameworks",
				);
				USER_HEADER_SEARCH_PATHS = (
					ThirdParty,
					PlayEmCore,
				);
			};
			name = Release;
		};
		BBDBBC2E2F062ED200ACC632 /* Debug */ = {
			isa = XCBuildConfiguration;
			buildSettings = {
				CLANG_CXX_LANGUAGE_STANDARD = "gnu++20";
				CODE_SIGN_STYLE = Manual;
				DEVELOPMENT_TEAM = "";
				ENABLE_HARDENED_RUNTIME = NO;
				ENABLE_USER_SCRIPT_SANDBOXING = YES;
				GCC_C_LANGUAGE_STANDARD = gnu17;
				LOCALIZATION_PREFERS_STRING_CATALOGS = YES;
				MACOSX_DEPLOYMENT_TARGET = 15.7;
				PRODUCT_BUNDLE_IDENTIFIER = com.toenshoff.playem.PlayEmRefineCLI;
				PRODUCT_NAME = "$(TARGET_NAME)";
				PROVISIONING_PROFILE_SPECIFIER = "";
			};
			name = Debug;
		};
		BBDBBC2F2F062ED200ACC632 /* Release */ = {
			isa = XCBuildConfiguration;
			buildSettings = {
				CLANG_CXX_LANGUAGE_STANDARD = "gnu++20";
				CODE_SIGN_STYLE = Manual;
				DEVELOPMENT_TEAM = "";
				ENABLE_HARDENED_RUNTIME = YES;
				ENABLE_USER_SCRIPT_SANDBOXING = YES;
				GCC_C_LANGUAGE_STANDARD = gnu17;
				LOCALIZATION_PREFERS_STRING_CATALOGS = YES;
				MACOSX_DEPLOYMENT_TARGET = 15.7;
				PRODUCT_BUNDLE_IDENTIFIER = com.toenshoff.playem.PlayEmRefineCLI;
				PRODUCT_NAME = "$(TARGET_NAME)";
				PROVISIONING_PROFILE_SPECIFIER = "";
			};
			name = Release;
		};
/* End XCBuildConfiguration section */

/* Begin XCConfigurationList section */
		BB06325E2F05C76800A3381E /* Build configuration list for PBXNativeTarget "PlayEmTests" */ = {
			isa = XCConfigurationList;
			buildConfigurations = (
				BB06325C2F05C76800A3381E /* Debug */,
				BB06325D2F05C76800A3381E /* Release */,
			);
			defaultConfigurationIsVisible = 0;
			defaultConfigurationName = Release;
		};
		BB57DE5E2F05D614008FFBD1 /* Build configuration list for PBXNativeTarget "PlayEmCore" */ = {
			isa = XCConfigurationList;
			buildConfigurations = (
				BB57DE592F05D614008FFBD1 /* Debug */,
				BB57DE5A2F05D614008FFBD1 /* Release */,
			);
			defaultConfigurationIsVisible = 0;
			defaultConfigurationName = Release;
		};
		BB57DE5F2F05D614008FFBD1 /* Build configuration list for PBXNativeTarget "PlayEmCoreTests" */ = {
			isa = XCConfigurationList;
			buildConfigurations = (
				BB57DE5B2F05D614008FFBD1 /* Debug */,
				BB57DE5C2F05D614008FFBD1 /* Release */,
			);
			defaultConfigurationIsVisible = 0;
			defaultConfigurationName = Release;
		};
		BBD24D582432948800DC2A81 /* Build configuration list for PBXProject "PlayEm" */ = {
			isa = XCConfigurationList;
			buildConfigurations = (
				BBD24D6C2432948B00DC2A81 /* Debug */,
				BBD24D6D2432948B00DC2A81 /* Release */,
			);
			defaultConfigurationIsVisible = 0;
			defaultConfigurationName = Release;
		};
		BBD24D6E2432948B00DC2A81 /* Build configuration list for PBXNativeTarget "PlayEm" */ = {
			isa = XCConfigurationList;
			buildConfigurations = (
				BBD24D6F2432948B00DC2A81 /* Debug */,
				BBD24D702432948B00DC2A81 /* Release */,
			);
			defaultConfigurationIsVisible = 0;
			defaultConfigurationName = Release;
		};
		BBDBBC2D2F062ED200ACC632 /* Build configuration list for PBXNativeTarget "PlayEmRefineCLI" */ = {
			isa = XCConfigurationList;
			buildConfigurations = (
				BBDBBC2E2F062ED200ACC632 /* Debug */,
				BBDBBC2F2F062ED200ACC632 /* Release */,
			);
			defaultConfigurationIsVisible = 0;
			defaultConfigurationName = Release;
		};
/* End XCConfigurationList section */
	};
	rootObject = BBD24D552432948800DC2A81 /* Project object */;
}
