// !$*UTF8*$!
{
	archiveVersion = 1;
	classes = {
	};
	objectVersion = 50;
	objects = {

/* Begin PBXBuildFile section */
		BB0D5281244CEE22007C909F /* VisualSample.m in Sources */ = {isa = PBXBuildFile; fileRef = BB0D5280244CEE22007C909F /* VisualSample.m */; };
		BB5B2D95245E19DB00A3803E /* TiledWaveView.m in Sources */ = {isa = PBXBuildFile; fileRef = BB5B2D94245E19DB00A3803E /* TiledWaveView.m */; };
		BB8820C82441023200CDB8C3 /* libmpg123.0.dylib in Frameworks */ = {isa = PBXBuildFile; fileRef = BB8820C6244101C200CDB8C3 /* libmpg123.0.dylib */; settings = {ATTRIBUTES = (Required, ); }; };
		BB8820C9244102CD00CDB8C3 /* libmpg123.0.dylib in Embed Libraries */ = {isa = PBXBuildFile; fileRef = BB8820C6244101C200CDB8C3 /* libmpg123.0.dylib */; settings = {ATTRIBUTES = (CodeSignOnCopy, ); }; };
		BB8820CD24410D1400CDB8C3 /* MPG123.m in Sources */ = {isa = PBXBuildFile; fileRef = BB8820CC24410D1400CDB8C3 /* MPG123.m */; };
		BBA507DA244224E100AABCF7 /* Sample.m in Sources */ = {isa = PBXBuildFile; fileRef = BBA507D9244224E100AABCF7 /* Sample.m */; };
		BBA507DD2442467800AABCF7 /* Visualizer.m in Sources */ = {isa = PBXBuildFile; fileRef = BBA507DC2442467800AABCF7 /* Visualizer.m */; };
		BBA507DF2443E66800AABCF7 /* AVFoundation.framework in Frameworks */ = {isa = PBXBuildFile; fileRef = BBA507DE2443E66800AABCF7 /* AVFoundation.framework */; };
		BBD24D622432948800DC2A81 /* AppDelegate.m in Sources */ = {isa = PBXBuildFile; fileRef = BBD24D612432948800DC2A81 /* AppDelegate.m */; };
		BBD24D642432948B00DC2A81 /* Assets.xcassets in Resources */ = {isa = PBXBuildFile; fileRef = BBD24D632432948B00DC2A81 /* Assets.xcassets */; };
		BBD24D672432948B00DC2A81 /* MainMenu.xib in Resources */ = {isa = PBXBuildFile; fileRef = BBD24D652432948B00DC2A81 /* MainMenu.xib */; };
		BBD24D6A2432948B00DC2A81 /* main.m in Sources */ = {isa = PBXBuildFile; fileRef = BBD24D692432948B00DC2A81 /* main.m */; };
		BBD24D722432956E00DC2A81 /* MainWindow.xib in Resources */ = {isa = PBXBuildFile; fileRef = BBD24D712432956E00DC2A81 /* MainWindow.xib */; };
/* End PBXBuildFile section */

/* Begin PBXCopyFilesBuildPhase section */
		BB8820CA244102CD00CDB8C3 /* Embed Libraries */ = {
			isa = PBXCopyFilesBuildPhase;
			buildActionMask = 2147483647;
			dstPath = "";
			dstSubfolderSpec = 10;
			files = (
				BB8820C9244102CD00CDB8C3 /* libmpg123.0.dylib in Embed Libraries */,
			);
			name = "Embed Libraries";
			runOnlyForDeploymentPostprocessing = 0;
		};
/* End PBXCopyFilesBuildPhase section */

/* Begin PBXFileReference section */
		BB0D527F244CEE22007C909F /* VisualSample.h */ = {isa = PBXFileReference; lastKnownFileType = sourcecode.c.h; path = VisualSample.h; sourceTree = "<group>"; };
		BB0D5280244CEE22007C909F /* VisualSample.m */ = {isa = PBXFileReference; lastKnownFileType = sourcecode.c.objc; path = VisualSample.m; sourceTree = "<group>"; };
		BB5B2D93245E19DB00A3803E /* TiledWaveView.h */ = {isa = PBXFileReference; lastKnownFileType = sourcecode.c.h; path = TiledWaveView.h; sourceTree = "<group>"; };
		BB5B2D94245E19DB00A3803E /* TiledWaveView.m */ = {isa = PBXFileReference; lastKnownFileType = sourcecode.c.objc; path = TiledWaveView.m; sourceTree = "<group>"; };
		BB8820C6244101C200CDB8C3 /* libmpg123.0.dylib */ = {isa = PBXFileReference; lastKnownFileType = "compiled.mach-o.dylib"; name = libmpg123.0.dylib; path = ../../../../usr/local/lib/libmpg123.0.dylib; sourceTree = "<group>"; };
		BB8820CB24410D1400CDB8C3 /* MPG123.h */ = {isa = PBXFileReference; lastKnownFileType = sourcecode.c.h; path = MPG123.h; sourceTree = "<group>"; };
		BB8820CC24410D1400CDB8C3 /* MPG123.m */ = {isa = PBXFileReference; lastKnownFileType = sourcecode.c.objc; path = MPG123.m; sourceTree = "<group>"; };
		BBA507D8244224E100AABCF7 /* Sample.h */ = {isa = PBXFileReference; lastKnownFileType = sourcecode.c.h; path = Sample.h; sourceTree = "<group>"; };
		BBA507D9244224E100AABCF7 /* Sample.m */ = {isa = PBXFileReference; lastKnownFileType = sourcecode.c.objc; path = Sample.m; sourceTree = "<group>"; };
		BBA507DB2442467800AABCF7 /* Visualizer.h */ = {isa = PBXFileReference; lastKnownFileType = sourcecode.c.h; path = Visualizer.h; sourceTree = "<group>"; };
		BBA507DC2442467800AABCF7 /* Visualizer.m */ = {isa = PBXFileReference; lastKnownFileType = sourcecode.c.objc; path = Visualizer.m; sourceTree = "<group>"; };
		BBA507DE2443E66800AABCF7 /* AVFoundation.framework */ = {isa = PBXFileReference; lastKnownFileType = wrapper.framework; name = AVFoundation.framework; path = System/Library/Frameworks/AVFoundation.framework; sourceTree = SDKROOT; };
		BBD24D5D2432948800DC2A81 /* PlayEm.app */ = {isa = PBXFileReference; explicitFileType = wrapper.application; includeInIndex = 0; path = PlayEm.app; sourceTree = BUILT_PRODUCTS_DIR; };
		BBD24D602432948800DC2A81 /* AppDelegate.h */ = {isa = PBXFileReference; lastKnownFileType = sourcecode.c.h; path = AppDelegate.h; sourceTree = "<group>"; };
		BBD24D612432948800DC2A81 /* AppDelegate.m */ = {isa = PBXFileReference; lastKnownFileType = sourcecode.c.objc; path = AppDelegate.m; sourceTree = "<group>"; };
		BBD24D632432948B00DC2A81 /* Assets.xcassets */ = {isa = PBXFileReference; lastKnownFileType = folder.assetcatalog; path = Assets.xcassets; sourceTree = "<group>"; };
		BBD24D662432948B00DC2A81 /* Base */ = {isa = PBXFileReference; lastKnownFileType = file.xib; name = Base; path = Base.lproj/MainMenu.xib; sourceTree = "<group>"; };
		BBD24D682432948B00DC2A81 /* Info.plist */ = {isa = PBXFileReference; lastKnownFileType = text.plist.xml; path = Info.plist; sourceTree = "<group>"; };
		BBD24D692432948B00DC2A81 /* main.m */ = {isa = PBXFileReference; lastKnownFileType = sourcecode.c.objc; path = main.m; sourceTree = "<group>"; };
		BBD24D6B2432948B00DC2A81 /* PlayEm.entitlements */ = {isa = PBXFileReference; lastKnownFileType = text.plist.entitlements; path = PlayEm.entitlements; sourceTree = "<group>"; };
		BBD24D712432956E00DC2A81 /* MainWindow.xib */ = {isa = PBXFileReference; lastKnownFileType = file.xib; path = MainWindow.xib; sourceTree = "<group>"; };
/* End PBXFileReference section */

/* Begin PBXFrameworksBuildPhase section */
		BBD24D5A2432948800DC2A81 /* Frameworks */ = {
			isa = PBXFrameworksBuildPhase;
			buildActionMask = 2147483647;
			files = (
				BBA507DF2443E66800AABCF7 /* AVFoundation.framework in Frameworks */,
				BB8820C82441023200CDB8C3 /* libmpg123.0.dylib in Frameworks */,
			);
			runOnlyForDeploymentPostprocessing = 0;
		};
/* End PBXFrameworksBuildPhase section */

/* Begin PBXGroup section */
		BB8820C5244101C200CDB8C3 /* Frameworks */ = {
			isa = PBXGroup;
			children = (
				BBA507DE2443E66800AABCF7 /* AVFoundation.framework */,
				BB8820C6244101C200CDB8C3 /* libmpg123.0.dylib */,
			);
			name = Frameworks;
			sourceTree = "<group>";
		};
		BBD24D542432948800DC2A81 = {
			isa = PBXGroup;
			children = (
				BBD24D5F2432948800DC2A81 /* PlayEm */,
				BBD24D5E2432948800DC2A81 /* Products */,
				BB8820C5244101C200CDB8C3 /* Frameworks */,
			);
			sourceTree = "<group>";
		};
		BBD24D5E2432948800DC2A81 /* Products */ = {
			isa = PBXGroup;
			children = (
				BBD24D5D2432948800DC2A81 /* PlayEm.app */,
			);
			name = Products;
			sourceTree = "<group>";
		};
		BBD24D5F2432948800DC2A81 /* PlayEm */ = {
			isa = PBXGroup;
			children = (
				BBD24D602432948800DC2A81 /* AppDelegate.h */,
				BBD24D612432948800DC2A81 /* AppDelegate.m */,
				BBD24D632432948B00DC2A81 /* Assets.xcassets */,
				BBD24D652432948B00DC2A81 /* MainMenu.xib */,
				BBD24D682432948B00DC2A81 /* Info.plist */,
				BBD24D692432948B00DC2A81 /* main.m */,
				BBD24D6B2432948B00DC2A81 /* PlayEm.entitlements */,
				BBD24D712432956E00DC2A81 /* MainWindow.xib */,
				BB8820CB24410D1400CDB8C3 /* MPG123.h */,
				BB8820CC24410D1400CDB8C3 /* MPG123.m */,
				BBA507D8244224E100AABCF7 /* Sample.h */,
				BBA507D9244224E100AABCF7 /* Sample.m */,
				BBA507DB2442467800AABCF7 /* Visualizer.h */,
				BBA507DC2442467800AABCF7 /* Visualizer.m */,
				BB0D527F244CEE22007C909F /* VisualSample.h */,
				BB0D5280244CEE22007C909F /* VisualSample.m */,
				BB5B2D93245E19DB00A3803E /* TiledWaveView.h */,
				BB5B2D94245E19DB00A3803E /* TiledWaveView.m */,
			);
			path = PlayEm;
			sourceTree = "<group>";
		};
/* End PBXGroup section */

/* Begin PBXNativeTarget section */
		BBD24D5C2432948800DC2A81 /* PlayEm */ = {
			isa = PBXNativeTarget;
			buildConfigurationList = BBD24D6E2432948B00DC2A81 /* Build configuration list for PBXNativeTarget "PlayEm" */;
			buildPhases = (
				BBD24D592432948800DC2A81 /* Sources */,
				BBD24D5A2432948800DC2A81 /* Frameworks */,
				BBD24D5B2432948800DC2A81 /* Resources */,
				BB8820CA244102CD00CDB8C3 /* Embed Libraries */,
			);
			buildRules = (
			);
			dependencies = (
			);
			name = PlayEm;
			productName = PlayEm;
			productReference = BBD24D5D2432948800DC2A81 /* PlayEm.app */;
			productType = "com.apple.product-type.application";
		};
/* End PBXNativeTarget section */

/* Begin PBXProject section */
		BBD24D552432948800DC2A81 /* Project object */ = {
			isa = PBXProject;
			attributes = {
				LastUpgradeCheck = 1140;
				ORGANIZATIONNAME = "Till Toenshoff";
				TargetAttributes = {
					BBD24D5C2432948800DC2A81 = {
						CreatedOnToolsVersion = 11.4;
					};
				};
			};
			buildConfigurationList = BBD24D582432948800DC2A81 /* Build configuration list for PBXProject "PlayEm" */;
			compatibilityVersion = "Xcode 9.3";
			developmentRegion = en;
			hasScannedForEncodings = 0;
			knownRegions = (
				en,
				Base,
			);
			mainGroup = BBD24D542432948800DC2A81;
			productRefGroup = BBD24D5E2432948800DC2A81 /* Products */;
			projectDirPath = "";
			projectRoot = "";
			targets = (
				BBD24D5C2432948800DC2A81 /* PlayEm */,
			);
		};
/* End PBXProject section */

/* Begin PBXResourcesBuildPhase section */
		BBD24D5B2432948800DC2A81 /* Resources */ = {
			isa = PBXResourcesBuildPhase;
			buildActionMask = 2147483647;
			files = (
				BBD24D642432948B00DC2A81 /* Assets.xcassets in Resources */,
				BBD24D672432948B00DC2A81 /* MainMenu.xib in Resources */,
				BBD24D722432956E00DC2A81 /* MainWindow.xib in Resources */,
			);
			runOnlyForDeploymentPostprocessing = 0;
		};
/* End PBXResourcesBuildPhase section */

/* Begin PBXSourcesBuildPhase section */
		BBD24D592432948800DC2A81 /* Sources */ = {
			isa = PBXSourcesBuildPhase;
			buildActionMask = 2147483647;
			files = (
				BBA507DD2442467800AABCF7 /* Visualizer.m in Sources */,
				BB5B2D95245E19DB00A3803E /* TiledWaveView.m in Sources */,
				BBD24D6A2432948B00DC2A81 /* main.m in Sources */,
				BBA507DA244224E100AABCF7 /* Sample.m in Sources */,
				BB8820CD24410D1400CDB8C3 /* MPG123.m in Sources */,
				BBD24D622432948800DC2A81 /* AppDelegate.m in Sources */,
				BB0D5281244CEE22007C909F /* VisualSample.m in Sources */,
			);
			runOnlyForDeploymentPostprocessing = 0;
		};
/* End PBXSourcesBuildPhase section */

/* Begin PBXVariantGroup section */
		BBD24D652432948B00DC2A81 /* MainMenu.xib */ = {
			isa = PBXVariantGroup;
			children = (
				BBD24D662432948B00DC2A81 /* Base */,
			);
			name = MainMenu.xib;
			sourceTree = "<group>";
		};
/* End PBXVariantGroup section */

/* Begin XCBuildConfiguration section */
		BBD24D6C2432948B00DC2A81 /* Debug */ = {
			isa = XCBuildConfiguration;
			buildSettings = {
				ALWAYS_SEARCH_USER_PATHS = NO;
				CLANG_ANALYZER_NONNULL = YES;
				CLANG_ANALYZER_NUMBER_OBJECT_CONVERSION = YES_AGGRESSIVE;
				CLANG_CXX_LANGUAGE_STANDARD = "gnu++14";
				CLANG_CXX_LIBRARY = "libc++";
				CLANG_ENABLE_MODULES = YES;
				CLANG_ENABLE_OBJC_ARC = YES;
				CLANG_ENABLE_OBJC_WEAK = YES;
				CLANG_WARN_BLOCK_CAPTURE_AUTORELEASING = YES;
				CLANG_WARN_BOOL_CONVERSION = YES;
				CLANG_WARN_COMMA = YES;
				CLANG_WARN_CONSTANT_CONVERSION = YES;
				CLANG_WARN_DEPRECATED_OBJC_IMPLEMENTATIONS = YES;
				CLANG_WARN_DIRECT_OBJC_ISA_USAGE = YES_ERROR;
				CLANG_WARN_DOCUMENTATION_COMMENTS = YES;
				CLANG_WARN_EMPTY_BODY = YES;
				CLANG_WARN_ENUM_CONVERSION = YES;
				CLANG_WARN_INFINITE_RECURSION = YES;
				CLANG_WARN_INT_CONVERSION = YES;
				CLANG_WARN_NON_LITERAL_NULL_CONVERSION = YES;
				CLANG_WARN_OBJC_IMPLICIT_RETAIN_SELF = YES;
				CLANG_WARN_OBJC_LITERAL_CONVERSION = YES;
				CLANG_WARN_OBJC_ROOT_CLASS = YES_ERROR;
				CLANG_WARN_RANGE_LOOP_ANALYSIS = YES;
				CLANG_WARN_STRICT_PROTOTYPES = YES;
				CLANG_WARN_SUSPICIOUS_MOVE = YES;
				CLANG_WARN_UNGUARDED_AVAILABILITY = YES_AGGRESSIVE;
				CLANG_WARN_UNREACHABLE_CODE = YES;
				CLANG_WARN__DUPLICATE_METHOD_MATCH = YES;
				COPY_PHASE_STRIP = NO;
				DEBUG_INFORMATION_FORMAT = dwarf;
				ENABLE_STRICT_OBJC_MSGSEND = YES;
				ENABLE_TESTABILITY = YES;
				GCC_C_LANGUAGE_STANDARD = gnu11;
				GCC_DYNAMIC_NO_PIC = NO;
				GCC_NO_COMMON_BLOCKS = YES;
				GCC_OPTIMIZATION_LEVEL = 0;
				GCC_PREPROCESSOR_DEFINITIONS = (
					"DEBUG=1",
					"$(inherited)",
				);
				GCC_WARN_64_TO_32_BIT_CONVERSION = YES;
				GCC_WARN_ABOUT_RETURN_TYPE = YES_ERROR;
				GCC_WARN_UNDECLARED_SELECTOR = YES;
				GCC_WARN_UNINITIALIZED_AUTOS = YES_AGGRESSIVE;
				GCC_WARN_UNUSED_FUNCTION = YES;
				GCC_WARN_UNUSED_VARIABLE = YES;
				HEADER_SEARCH_PATHS = /usr/local/include;
				MACOSX_DEPLOYMENT_TARGET = 10.15;
				MTL_ENABLE_DEBUG_INFO = INCLUDE_SOURCE;
				MTL_FAST_MATH = YES;
				ONLY_ACTIVE_ARCH = YES;
				SDKROOT = macosx;
			};
			name = Debug;
		};
		BBD24D6D2432948B00DC2A81 /* Release */ = {
			isa = XCBuildConfiguration;
			buildSettings = {
				ALWAYS_SEARCH_USER_PATHS = NO;
				CLANG_ANALYZER_NONNULL = YES;
				CLANG_ANALYZER_NUMBER_OBJECT_CONVERSION = YES_AGGRESSIVE;
				CLANG_CXX_LANGUAGE_STANDARD = "gnu++14";
				CLANG_CXX_LIBRARY = "libc++";
				CLANG_ENABLE_MODULES = YES;
				CLANG_ENABLE_OBJC_ARC = YES;
				CLANG_ENABLE_OBJC_WEAK = YES;
				CLANG_WARN_BLOCK_CAPTURE_AUTORELEASING = YES;
				CLANG_WARN_BOOL_CONVERSION = YES;
				CLANG_WARN_COMMA = YES;
				CLANG_WARN_CONSTANT_CONVERSION = YES;
				CLANG_WARN_DEPRECATED_OBJC_IMPLEMENTATIONS = YES;
				CLANG_WARN_DIRECT_OBJC_ISA_USAGE = YES_ERROR;
				CLANG_WARN_DOCUMENTATION_COMMENTS = YES;
				CLANG_WARN_EMPTY_BODY = YES;
				CLANG_WARN_ENUM_CONVERSION = YES;
				CLANG_WARN_INFINITE_RECURSION = YES;
				CLANG_WARN_INT_CONVERSION = YES;
				CLANG_WARN_NON_LITERAL_NULL_CONVERSION = YES;
				CLANG_WARN_OBJC_IMPLICIT_RETAIN_SELF = YES;
				CLANG_WARN_OBJC_LITERAL_CONVERSION = YES;
				CLANG_WARN_OBJC_ROOT_CLASS = YES_ERROR;
				CLANG_WARN_RANGE_LOOP_ANALYSIS = YES;
				CLANG_WARN_STRICT_PROTOTYPES = YES;
				CLANG_WARN_SUSPICIOUS_MOVE = YES;
				CLANG_WARN_UNGUARDED_AVAILABILITY = YES_AGGRESSIVE;
				CLANG_WARN_UNREACHABLE_CODE = YES;
				CLANG_WARN__DUPLICATE_METHOD_MATCH = YES;
				COPY_PHASE_STRIP = NO;
				DEBUG_INFORMATION_FORMAT = "dwarf-with-dsym";
				ENABLE_NS_ASSERTIONS = NO;
				ENABLE_STRICT_OBJC_MSGSEND = YES;
				GCC_C_LANGUAGE_STANDARD = gnu11;
				GCC_NO_COMMON_BLOCKS = YES;
				GCC_WARN_64_TO_32_BIT_CONVERSION = YES;
				GCC_WARN_ABOUT_RETURN_TYPE = YES_ERROR;
				GCC_WARN_UNDECLARED_SELECTOR = YES;
				GCC_WARN_UNINITIALIZED_AUTOS = YES_AGGRESSIVE;
				GCC_WARN_UNUSED_FUNCTION = YES;
				GCC_WARN_UNUSED_VARIABLE = YES;
				HEADER_SEARCH_PATHS = /usr/local/include;
				MACOSX_DEPLOYMENT_TARGET = 10.15;
				MTL_ENABLE_DEBUG_INFO = NO;
				MTL_FAST_MATH = YES;
				SDKROOT = macosx;
			};
			name = Release;
		};
		BBD24D6F2432948B00DC2A81 /* Debug */ = {
			isa = XCBuildConfiguration;
			buildSettings = {
				ASSETCATALOG_COMPILER_APPICON_NAME = AppIcon;
				CLANG_UNDEFINED_BEHAVIOR_SANITIZER_INTEGER = YES;
				CLANG_UNDEFINED_BEHAVIOR_SANITIZER_NULLABILITY = YES;
				CLANG_WARN_OBJC_IMPLICIT_ATOMIC_PROPERTIES = YES;
				CODE_SIGN_ENTITLEMENTS = PlayEm/PlayEm.entitlements;
				CODE_SIGN_IDENTITY = "Apple Development";
				CODE_SIGN_STYLE = Manual;
				COMBINE_HIDPI_IMAGES = YES;
				DEVELOPMENT_TEAM = YK4D72U3YW;
				ENABLE_HARDENED_RUNTIME = YES;
				INFOPLIST_FILE = PlayEm/Info.plist;
				LD_RUNPATH_SEARCH_PATHS = (
					"$(inherited)",
					"@executable_path/../Frameworks",
				);
				"LIBRARY_SEARCH_PATHS[arch=*]" = /usr/local/lib;
				PRODUCT_BUNDLE_IDENTIFIER = tillt.PlayEm;
				PRODUCT_NAME = "$(TARGET_NAME)";
				PROVISIONING_PROFILE_SPECIFIER = "";
			};
			name = Debug;
		};
		BBD24D702432948B00DC2A81 /* Release */ = {
			isa = XCBuildConfiguration;
			buildSettings = {
				ASSETCATALOG_COMPILER_APPICON_NAME = AppIcon;
				CLANG_UNDEFINED_BEHAVIOR_SANITIZER_INTEGER = NO;
				CLANG_UNDEFINED_BEHAVIOR_SANITIZER_NULLABILITY = NO;
				CLANG_WARN_OBJC_IMPLICIT_ATOMIC_PROPERTIES = YES;
				CODE_SIGN_ENTITLEMENTS = PlayEm/PlayEm.entitlements;
				CODE_SIGN_IDENTITY = "Apple Development";
				CODE_SIGN_STYLE = Manual;
				COMBINE_HIDPI_IMAGES = YES;
				DEVELOPMENT_TEAM = YK4D72U3YW;
				ENABLE_HARDENED_RUNTIME = YES;
				INFOPLIST_FILE = PlayEm/Info.plist;
				LD_RUNPATH_SEARCH_PATHS = (
					"$(inherited)",
					"@executable_path/../Frameworks",
				);
				"LIBRARY_SEARCH_PATHS[arch=*]" = /usr/local/lib;
				PRODUCT_BUNDLE_IDENTIFIER = tillt.PlayEm;
				PRODUCT_NAME = "$(TARGET_NAME)";
				PROVISIONING_PROFILE_SPECIFIER = "";
			};
			name = Release;
		};
/* End XCBuildConfiguration section */

/* Begin XCConfigurationList section */
		BBD24D582432948800DC2A81 /* Build configuration list for PBXProject "PlayEm" */ = {
			isa = XCConfigurationList;
			buildConfigurations = (
				BBD24D6C2432948B00DC2A81 /* Debug */,
				BBD24D6D2432948B00DC2A81 /* Release */,
			);
			defaultConfigurationIsVisible = 0;
			defaultConfigurationName = Release;
		};
		BBD24D6E2432948B00DC2A81 /* Build configuration list for PBXNativeTarget "PlayEm" */ = {
			isa = XCConfigurationList;
			buildConfigurations = (
				BBD24D6F2432948B00DC2A81 /* Debug */,
				BBD24D702432948B00DC2A81 /* Release */,
			);
			defaultConfigurationIsVisible = 0;
			defaultConfigurationName = Release;
		};
/* End XCConfigurationList section */
	};
	rootObject = BBD24D552432948800DC2A81 /* Project object */;
}
